// !$*UTF8*$!
{
	archiveVersion = 1;
	classes = {
	};
	objectVersion = 46;
	objects = {

/* Begin PBXBuildFile section */
		0ECA883D1B27CA7100B5656F /* NMCollectionView.m in Sources */ = {isa = PBXBuildFile; fileRef = 0ECA881A1B27CA7100B5656F /* NMCollectionView.m */; };
		0ECA883E1B27CA7100B5656F /* NMCollectionViewCell.m in Sources */ = {isa = PBXBuildFile; fileRef = 0ECA881C1B27CA7100B5656F /* NMCollectionViewCell.m */; };
		0ECA883F1B27CA7100B5656F /* NMTableView.m in Sources */ = {isa = PBXBuildFile; fileRef = 0ECA881E1B27CA7100B5656F /* NMTableView.m */; };
		0ECA88401B27CA7100B5656F /* NMTableViewCell.m in Sources */ = {isa = PBXBuildFile; fileRef = 0ECA88201B27CA7100B5656F /* NMTableViewCell.m */; };
		0ECA88411B27CA7100B5656F /* NMView.m in Sources */ = {isa = PBXBuildFile; fileRef = 0ECA88221B27CA7100B5656F /* NMView.m */; };
		0ECA88421B27CA7100B5656F /* NMViewController.m in Sources */ = {isa = PBXBuildFile; fileRef = 0ECA88241B27CA7100B5656F /* NMViewController.m */; };
		0ECA88431B27CA7100B5656F /* NSDictionary+NotNULL.m in Sources */ = {isa = PBXBuildFile; fileRef = 0ECA88271B27CA7100B5656F /* NSDictionary+NotNULL.m */; };
		0ECA88441B27CA7100B5656F /* NSFileManager+Directories.m in Sources */ = {isa = PBXBuildFile; fileRef = 0ECA88291B27CA7100B5656F /* NSFileManager+Directories.m */; };
		0ECA88451B27CA7100B5656F /* NSString+Helpers.m in Sources */ = {isa = PBXBuildFile; fileRef = 0ECA882B1B27CA7100B5656F /* NSString+Helpers.m */; };
		0ECA88461B27CA7100B5656F /* UIDevice-Hardware.m in Sources */ = {isa = PBXBuildFile; fileRef = 0ECA882D1B27CA7100B5656F /* UIDevice-Hardware.m */; };
		0ECA88471B27CA7100B5656F /* UIView+AutoLayout.m in Sources */ = {isa = PBXBuildFile; fileRef = 0ECA882F1B27CA7100B5656F /* UIView+AutoLayout.m */; };
		0ECA88481B27CA7100B5656F /* UIView+Identifier.m in Sources */ = {isa = PBXBuildFile; fileRef = 0ECA88311B27CA7100B5656F /* UIView+Identifier.m */; };
		0ECA88491B27CA7100B5656F /* NMDeviceHelper.m in Sources */ = {isa = PBXBuildFile; fileRef = 0ECA88361B27CA7100B5656F /* NMDeviceHelper.m */; };
		0ECA884A1B27CA7100B5656F /* NMImageHelper.m in Sources */ = {isa = PBXBuildFile; fileRef = 0ECA88381B27CA7100B5656F /* NMImageHelper.m */; };
		0ECA884B1B27CA7100B5656F /* NMSecurityHelper.m in Sources */ = {isa = PBXBuildFile; fileRef = 0ECA883A1B27CA7100B5656F /* NMSecurityHelper.m */; };
		0ECA884C1B27CA7100B5656F /* NMUIHelper.m in Sources */ = {isa = PBXBuildFile; fileRef = 0ECA883C1B27CA7100B5656F /* NMUIHelper.m */; };
		0ECA88571B27CB4C00B5656F /* BaseCollectionViewCell.m in Sources */ = {isa = PBXBuildFile; fileRef = 0ECA884E1B27CB4C00B5656F /* BaseCollectionViewCell.m */; };
		0ECA88581B27CB4C00B5656F /* BaseNavigationController.m in Sources */ = {isa = PBXBuildFile; fileRef = 0ECA88501B27CB4C00B5656F /* BaseNavigationController.m */; };
		0ECA88591B27CB4C00B5656F /* BaseTableViewCell.m in Sources */ = {isa = PBXBuildFile; fileRef = 0ECA88521B27CB4C00B5656F /* BaseTableViewCell.m */; };
		0ECA885A1B27CB4C00B5656F /* BaseView.m in Sources */ = {isa = PBXBuildFile; fileRef = 0ECA88541B27CB4C00B5656F /* BaseView.m */; };
		0ECA885B1B27CB4C00B5656F /* BaseViewController.m in Sources */ = {isa = PBXBuildFile; fileRef = 0ECA88561B27CB4C00B5656F /* BaseViewController.m */; };
		0ECA885F1B27CC8F00B5656F /* CODropListVC.m in Sources */ = {isa = PBXBuildFile; fileRef = 0ECA885E1B27CC8F00B5656F /* CODropListVC.m */; };
		0ECA886C1B27D2A700B5656F /* LoginViewController.m in Sources */ = {isa = PBXBuildFile; fileRef = 0ECA886A1B27D2A700B5656F /* LoginViewController.m */; };
		0ECA886D1B27D2A700B5656F /* LoginViewController.xib in Resources */ = {isa = PBXBuildFile; fileRef = 0ECA886B1B27D2A700B5656F /* LoginViewController.xib */; };
		0ECA88711B27D45900B5656F /* HomeListViewController.m in Sources */ = {isa = PBXBuildFile; fileRef = 0ECA886F1B27D45900B5656F /* HomeListViewController.m */; };
		0ECA88721B27D45900B5656F /* HomeListViewController.xib in Resources */ = {isa = PBXBuildFile; fileRef = 0ECA88701B27D45900B5656F /* HomeListViewController.xib */; };
		0ECA88751B27D52A00B5656F /* BaseTabBarController.m in Sources */ = {isa = PBXBuildFile; fileRef = 0ECA88741B27D52A00B5656F /* BaseTabBarController.m */; };
		0ECA88791B27D57800B5656F /* ProfileViewController.m in Sources */ = {isa = PBXBuildFile; fileRef = 0ECA88771B27D57800B5656F /* ProfileViewController.m */; };
		0ECA887A1B27D57800B5656F /* ProfileViewController.xib in Resources */ = {isa = PBXBuildFile; fileRef = 0ECA88781B27D57800B5656F /* ProfileViewController.xib */; };
		0ECA887E1B27D5B800B5656F /* SettingViewController.m in Sources */ = {isa = PBXBuildFile; fileRef = 0ECA887C1B27D5B800B5656F /* SettingViewController.m */; };
		0ECA887F1B27D5B800B5656F /* SettingViewController.xib in Resources */ = {isa = PBXBuildFile; fileRef = 0ECA887D1B27D5B800B5656F /* SettingViewController.xib */; };
		0ECA88831B27DD5200B5656F /* RegisterViewController.m in Sources */ = {isa = PBXBuildFile; fileRef = 0ECA88811B27DD5200B5656F /* RegisterViewController.m */; };
		0ECA88841B27DD5200B5656F /* RegisterViewController.xib in Resources */ = {isa = PBXBuildFile; fileRef = 0ECA88821B27DD5200B5656F /* RegisterViewController.xib */; };
		0ECA88891B27E09A00B5656F /* ForgotPasswordViewController.m in Sources */ = {isa = PBXBuildFile; fileRef = 0ECA88871B27E09A00B5656F /* ForgotPasswordViewController.m */; };
		0ECA888A1B27E09A00B5656F /* ForgotPasswordViewController.xib in Resources */ = {isa = PBXBuildFile; fileRef = 0ECA88881B27E09A00B5656F /* ForgotPasswordViewController.xib */; };
		0EFEB4D31B2724B2001195B7 /* CoAssestTests.m in Sources */ = {isa = PBXBuildFile; fileRef = 0EFEB4D21B2724B2001195B7 /* CoAssestTests.m */; };
		0EFEB5091B2729E0001195B7 /* AppDelegate.m in Sources */ = {isa = PBXBuildFile; fileRef = 0EFEB4F91B2729E0001195B7 /* AppDelegate.m */; };
		0EFEB50C1B2729E0001195B7 /* CoAssest.xcdatamodeld in Sources */ = {isa = PBXBuildFile; fileRef = 0EFEB4FF1B2729E0001195B7 /* CoAssest.xcdatamodeld */; };
		0EFEB50D1B2729E0001195B7 /* LaunchScreen.xib in Resources */ = {isa = PBXBuildFile; fileRef = 0EFEB5031B2729E0001195B7 /* LaunchScreen.xib */; };
		0EFEB50E1B2729E0001195B7 /* Info.plist in Resources */ = {isa = PBXBuildFile; fileRef = 0EFEB5051B2729E0001195B7 /* Info.plist */; };
		0EFEB50F1B2729E0001195B7 /* main.m in Sources */ = {isa = PBXBuildFile; fileRef = 0EFEB5061B2729E0001195B7 /* main.m */; };
		0EFEB5101B2729E0001195B7 /* Images.xcassets in Resources */ = {isa = PBXBuildFile; fileRef = 0EFEB5081B2729E0001195B7 /* Images.xcassets */; };
		7F03EBE21B2ABEE6009D7985 /* COPositive&NagitiveButton.m in Sources */ = {isa = PBXBuildFile; fileRef = 7F03EBE11B2ABEE6009D7985 /* COPositive&NagitiveButton.m */; };
		7F03EBEA1B2AD2E7009D7985 /* ic_Check.png in Resources */ = {isa = PBXBuildFile; fileRef = 7F03EBE41B2AD2E7009D7985 /* ic_Check.png */; };
		7F03EBEB1B2AD2E7009D7985 /* ic_Check@2x.png in Resources */ = {isa = PBXBuildFile; fileRef = 7F03EBE51B2AD2E7009D7985 /* ic_Check@2x.png */; };
		7F03EBEC1B2AD2E7009D7985 /* ic_Check@3x.png in Resources */ = {isa = PBXBuildFile; fileRef = 7F03EBE61B2AD2E7009D7985 /* ic_Check@3x.png */; };
		7F03EBED1B2AD2E7009D7985 /* ic_uncheck.png in Resources */ = {isa = PBXBuildFile; fileRef = 7F03EBE71B2AD2E7009D7985 /* ic_uncheck.png */; };
		7F03EBEE1B2AD2E7009D7985 /* ic_uncheck@2x.png in Resources */ = {isa = PBXBuildFile; fileRef = 7F03EBE81B2AD2E7009D7985 /* ic_uncheck@2x.png */; };
		7F03EBEF1B2AD2E7009D7985 /* ic_uncheck@3x.png in Resources */ = {isa = PBXBuildFile; fileRef = 7F03EBE91B2AD2E7009D7985 /* ic_uncheck@3x.png */; };
		7F03EBF31B2AD933009D7985 /* ic_droplist.png in Resources */ = {isa = PBXBuildFile; fileRef = 7F03EBF01B2AD933009D7985 /* ic_droplist.png */; };
		7F03EBF41B2AD933009D7985 /* ic_droplist@2x.png in Resources */ = {isa = PBXBuildFile; fileRef = 7F03EBF11B2AD933009D7985 /* ic_droplist@2x.png */; };
		7F03EBF51B2AD933009D7985 /* ic_droplist@3x.png in Resources */ = {isa = PBXBuildFile; fileRef = 7F03EBF21B2AD933009D7985 /* ic_droplist@3x.png */; };
		7F03EBF91B2AE86F009D7985 /* CoDropListButtom.m in Sources */ = {isa = PBXBuildFile; fileRef = 7F03EBF81B2AE86F009D7985 /* CoDropListButtom.m */; };
		7F46FDC61B2B146A003BB1C4 /* COCheckBoxButton.m in Sources */ = {isa = PBXBuildFile; fileRef = 7F46FDC51B2B146A003BB1C4 /* COCheckBoxButton.m */; };
		7FDA51011B2A8518001CA7E1 /* COLineBottomView.m in Sources */ = {isa = PBXBuildFile; fileRef = 7FDA51001B2A8518001CA7E1 /* COLineBottomView.m */; };
		7FDA510B1B2A9930001CA7E1 /* TPKeyboardAvoidingCollectionView.m in Sources */ = {isa = PBXBuildFile; fileRef = 7FDA51041B2A9930001CA7E1 /* TPKeyboardAvoidingCollectionView.m */; };
		7FDA510C1B2A9930001CA7E1 /* TPKeyboardAvoidingScrollView.m in Sources */ = {isa = PBXBuildFile; fileRef = 7FDA51061B2A9930001CA7E1 /* TPKeyboardAvoidingScrollView.m */; };
		7FDA510D1B2A9930001CA7E1 /* TPKeyboardAvoidingTableView.m in Sources */ = {isa = PBXBuildFile; fileRef = 7FDA51081B2A9930001CA7E1 /* TPKeyboardAvoidingTableView.m */; };
		7FDA510E1B2A9930001CA7E1 /* UIScrollView+TPKeyboardAvoidingAdditions.m in Sources */ = {isa = PBXBuildFile; fileRef = 7FDA510A1B2A9930001CA7E1 /* UIScrollView+TPKeyboardAvoidingAdditions.m */; };
		7FE21EF01B2D0FF1009B78DF /* CODropListView.m in Sources */ = {isa = PBXBuildFile; fileRef = 7FE21EEF1B2D0FF1009B78DF /* CODropListView.m */; };
		7FE21EF21B2D11E1009B78DF /* CODropListView.xib in Resources */ = {isa = PBXBuildFile; fileRef = 7FE21EF11B2D11E1009B78DF /* CODropListView.xib */; };
		7FE21EF51B2D1F64009B78DF /* Close_Circle_Line@2x.png in Resources */ = {isa = PBXBuildFile; fileRef = 7FE21EF31B2D1F64009B78DF /* Close_Circle_Line@2x.png */; };
		7FE21EF61B2D1F64009B78DF /* Close_Circle_Line@3x.png in Resources */ = {isa = PBXBuildFile; fileRef = 7FE21EF41B2D1F64009B78DF /* Close_Circle_Line@3x.png */; };
		7FE21EFD1B2D73FB009B78DF /* DropListObject.m in Sources */ = {isa = PBXBuildFile; fileRef = 7FE21EFC1B2D73FB009B78DF /* DropListObject.m */; };
		7FE21F011B2D7435009B78DF /* DropListCell.m in Sources */ = {isa = PBXBuildFile; fileRef = 7FE21EFF1B2D7435009B78DF /* DropListCell.m */; };
		7FE21F021B2D7435009B78DF /* DropListCell.xib in Resources */ = {isa = PBXBuildFile; fileRef = 7FE21F001B2D7435009B78DF /* DropListCell.xib */; };
		7FE21F081B2D7B79009B78DF /* LoadFileManager.m in Sources */ = {isa = PBXBuildFile; fileRef = 7FE21F071B2D7B79009B78DF /* LoadFileManager.m */; };
		7FE21F0B1B2D83FD009B78DF /* JsonPhoneCode.json in Resources */ = {isa = PBXBuildFile; fileRef = 7FE21F0A1B2D83FD009B78DF /* JsonPhoneCode.json */; };
		7FF06DF21B2E6953009DEDEC /* ic_home_heightline@2x.png in Resources */ = {isa = PBXBuildFile; fileRef = 7FF06DE61B2E6953009DEDEC /* ic_home_heightline@2x.png */; };
		7FF06DF31B2E6953009DEDEC /* ic_home_heightline@3x.png in Resources */ = {isa = PBXBuildFile; fileRef = 7FF06DE71B2E6953009DEDEC /* ic_home_heightline@3x.png */; };
		7FF06DF41B2E6953009DEDEC /* ic_home@2x.png in Resources */ = {isa = PBXBuildFile; fileRef = 7FF06DE81B2E6953009DEDEC /* ic_home@2x.png */; };
		7FF06DF51B2E6953009DEDEC /* ic_home@3x.png in Resources */ = {isa = PBXBuildFile; fileRef = 7FF06DE91B2E6953009DEDEC /* ic_home@3x.png */; };
		7FF06DF61B2E6953009DEDEC /* ic_peopel@2x.png in Resources */ = {isa = PBXBuildFile; fileRef = 7FF06DEA1B2E6953009DEDEC /* ic_peopel@2x.png */; };
		7FF06DF71B2E6953009DEDEC /* ic_peopel@3x.png in Resources */ = {isa = PBXBuildFile; fileRef = 7FF06DEB1B2E6953009DEDEC /* ic_peopel@3x.png */; };
		7FF06DF81B2E6953009DEDEC /* ic_people_heightline@2x.png in Resources */ = {isa = PBXBuildFile; fileRef = 7FF06DEC1B2E6953009DEDEC /* ic_people_heightline@2x.png */; };
		7FF06DF91B2E6953009DEDEC /* ic_people_heightline@3x.png in Resources */ = {isa = PBXBuildFile; fileRef = 7FF06DED1B2E6953009DEDEC /* ic_people_heightline@3x.png */; };
		7FF06DFA1B2E6953009DEDEC /* ic_setting_heightline@2x.png in Resources */ = {isa = PBXBuildFile; fileRef = 7FF06DEE1B2E6953009DEDEC /* ic_setting_heightline@2x.png */; };
		7FF06DFB1B2E6953009DEDEC /* ic_setting_heightline@3x.png in Resources */ = {isa = PBXBuildFile; fileRef = 7FF06DEF1B2E6953009DEDEC /* ic_setting_heightline@3x.png */; };
		7FF06DFC1B2E6953009DEDEC /* ic_setting@2x.png in Resources */ = {isa = PBXBuildFile; fileRef = 7FF06DF01B2E6953009DEDEC /* ic_setting@2x.png */; };
		7FF06DFD1B2E6953009DEDEC /* ic_setting@3x.png in Resources */ = {isa = PBXBuildFile; fileRef = 7FF06DF11B2E6953009DEDEC /* ic_setting@3x.png */; };
		7FF06E021B2E723A009DEDEC /* HomeListViewCell.m in Sources */ = {isa = PBXBuildFile; fileRef = 7FF06E001B2E723A009DEDEC /* HomeListViewCell.m */; };
		7FF06E031B2E723A009DEDEC /* HomeListViewCell.xib in Resources */ = {isa = PBXBuildFile; fileRef = 7FF06E011B2E723A009DEDEC /* HomeListViewCell.xib */; };
		7FF06E191B2E76C9009DEDEC /* 1.jpg in Resources */ = {isa = PBXBuildFile; fileRef = 7FF06E051B2E76C9009DEDEC /* 1.jpg */; };
		7FF06E1A1B2E76C9009DEDEC /* 10.jpg in Resources */ = {isa = PBXBuildFile; fileRef = 7FF06E061B2E76C9009DEDEC /* 10.jpg */; };
		7FF06E1B1B2E76C9009DEDEC /* 11.jpg in Resources */ = {isa = PBXBuildFile; fileRef = 7FF06E071B2E76C9009DEDEC /* 11.jpg */; };
		7FF06E1C1B2E76C9009DEDEC /* 12.jpg in Resources */ = {isa = PBXBuildFile; fileRef = 7FF06E081B2E76C9009DEDEC /* 12.jpg */; };
		7FF06E1D1B2E76C9009DEDEC /* 13.jpg in Resources */ = {isa = PBXBuildFile; fileRef = 7FF06E091B2E76C9009DEDEC /* 13.jpg */; };
		7FF06E1E1B2E76C9009DEDEC /* 14.jpg in Resources */ = {isa = PBXBuildFile; fileRef = 7FF06E0A1B2E76C9009DEDEC /* 14.jpg */; };
		7FF06E1F1B2E76C9009DEDEC /* 15.jpg in Resources */ = {isa = PBXBuildFile; fileRef = 7FF06E0B1B2E76C9009DEDEC /* 15.jpg */; };
		7FF06E201B2E76C9009DEDEC /* 16.jpg in Resources */ = {isa = PBXBuildFile; fileRef = 7FF06E0C1B2E76C9009DEDEC /* 16.jpg */; };
		7FF06E211B2E76C9009DEDEC /* 17.jpg in Resources */ = {isa = PBXBuildFile; fileRef = 7FF06E0D1B2E76C9009DEDEC /* 17.jpg */; };
		7FF06E221B2E76C9009DEDEC /* 18.jpg in Resources */ = {isa = PBXBuildFile; fileRef = 7FF06E0E1B2E76C9009DEDEC /* 18.jpg */; };
		7FF06E231B2E76C9009DEDEC /* 19.jpg in Resources */ = {isa = PBXBuildFile; fileRef = 7FF06E0F1B2E76C9009DEDEC /* 19.jpg */; };
		7FF06E241B2E76C9009DEDEC /* 2.jpg in Resources */ = {isa = PBXBuildFile; fileRef = 7FF06E101B2E76C9009DEDEC /* 2.jpg */; };
		7FF06E251B2E76C9009DEDEC /* 20.jpg in Resources */ = {isa = PBXBuildFile; fileRef = 7FF06E111B2E76C9009DEDEC /* 20.jpg */; };
		7FF06E261B2E76C9009DEDEC /* 3.jpg in Resources */ = {isa = PBXBuildFile; fileRef = 7FF06E121B2E76C9009DEDEC /* 3.jpg */; };
		7FF06E271B2E76C9009DEDEC /* 4.jpg in Resources */ = {isa = PBXBuildFile; fileRef = 7FF06E131B2E76C9009DEDEC /* 4.jpg */; };
		7FF06E281B2E76C9009DEDEC /* 5.jpg in Resources */ = {isa = PBXBuildFile; fileRef = 7FF06E141B2E76C9009DEDEC /* 5.jpg */; };
		7FF06E291B2E76C9009DEDEC /* 6.jpg in Resources */ = {isa = PBXBuildFile; fileRef = 7FF06E151B2E76C9009DEDEC /* 6.jpg */; };
		7FF06E2A1B2E76C9009DEDEC /* 7.jpg in Resources */ = {isa = PBXBuildFile; fileRef = 7FF06E161B2E76C9009DEDEC /* 7.jpg */; };
		7FF06E2B1B2E76C9009DEDEC /* 8.jpg in Resources */ = {isa = PBXBuildFile; fileRef = 7FF06E171B2E76C9009DEDEC /* 8.jpg */; };
		7FF06E2C1B2E76C9009DEDEC /* 9.jpg in Resources */ = {isa = PBXBuildFile; fileRef = 7FF06E181B2E76C9009DEDEC /* 9.jpg */; };
		7FF06E2E1B2E797E009DEDEC /* Earth_256.png in Resources */ = {isa = PBXBuildFile; fileRef = 7FF06E2D1B2E797E009DEDEC /* Earth_256.png */; };
		7FF06E311B2E7C2B009DEDEC /* CODummyDataManager.m in Sources */ = {isa = PBXBuildFile; fileRef = 7FF06E301B2E7C2B009DEDEC /* CODummyDataManager.m */; };
		7FF06E351B2E7CBC009DEDEC /* ListHomeObject.m in Sources */ = {isa = PBXBuildFile; fileRef = 7FF06E341B2E7CBC009DEDEC /* ListHomeObject.m */; };
/* End PBXBuildFile section */

/* Begin PBXContainerItemProxy section */
		0EFEB4CD1B2724B2001195B7 /* PBXContainerItemProxy */ = {
			isa = PBXContainerItemProxy;
			containerPortal = 0EFEB4A81B2724B2001195B7 /* Project object */;
			proxyType = 1;
			remoteGlobalIDString = 0EFEB4AF1B2724B2001195B7;
			remoteInfo = CoAssest;
		};
/* End PBXContainerItemProxy section */

/* Begin PBXFileReference section */
		0ECA88191B27CA7100B5656F /* NMCollectionView.h */ = {isa = PBXFileReference; fileEncoding = 4; lastKnownFileType = sourcecode.c.h; path = NMCollectionView.h; sourceTree = "<group>"; };
		0ECA881A1B27CA7100B5656F /* NMCollectionView.m */ = {isa = PBXFileReference; fileEncoding = 4; lastKnownFileType = sourcecode.c.objc; path = NMCollectionView.m; sourceTree = "<group>"; };
		0ECA881B1B27CA7100B5656F /* NMCollectionViewCell.h */ = {isa = PBXFileReference; fileEncoding = 4; lastKnownFileType = sourcecode.c.h; path = NMCollectionViewCell.h; sourceTree = "<group>"; };
		0ECA881C1B27CA7100B5656F /* NMCollectionViewCell.m */ = {isa = PBXFileReference; fileEncoding = 4; lastKnownFileType = sourcecode.c.objc; path = NMCollectionViewCell.m; sourceTree = "<group>"; };
		0ECA881D1B27CA7100B5656F /* NMTableView.h */ = {isa = PBXFileReference; fileEncoding = 4; lastKnownFileType = sourcecode.c.h; path = NMTableView.h; sourceTree = "<group>"; };
		0ECA881E1B27CA7100B5656F /* NMTableView.m */ = {isa = PBXFileReference; fileEncoding = 4; lastKnownFileType = sourcecode.c.objc; path = NMTableView.m; sourceTree = "<group>"; };
		0ECA881F1B27CA7100B5656F /* NMTableViewCell.h */ = {isa = PBXFileReference; fileEncoding = 4; lastKnownFileType = sourcecode.c.h; path = NMTableViewCell.h; sourceTree = "<group>"; };
		0ECA88201B27CA7100B5656F /* NMTableViewCell.m */ = {isa = PBXFileReference; fileEncoding = 4; lastKnownFileType = sourcecode.c.objc; path = NMTableViewCell.m; sourceTree = "<group>"; };
		0ECA88211B27CA7100B5656F /* NMView.h */ = {isa = PBXFileReference; fileEncoding = 4; lastKnownFileType = sourcecode.c.h; path = NMView.h; sourceTree = "<group>"; };
		0ECA88221B27CA7100B5656F /* NMView.m */ = {isa = PBXFileReference; fileEncoding = 4; lastKnownFileType = sourcecode.c.objc; path = NMView.m; sourceTree = "<group>"; };
		0ECA88231B27CA7100B5656F /* NMViewController.h */ = {isa = PBXFileReference; fileEncoding = 4; lastKnownFileType = sourcecode.c.h; path = NMViewController.h; sourceTree = "<group>"; };
		0ECA88241B27CA7100B5656F /* NMViewController.m */ = {isa = PBXFileReference; fileEncoding = 4; lastKnownFileType = sourcecode.c.objc; path = NMViewController.m; sourceTree = "<group>"; };
		0ECA88261B27CA7100B5656F /* NSDictionary+NotNULL.h */ = {isa = PBXFileReference; fileEncoding = 4; lastKnownFileType = sourcecode.c.h; path = "NSDictionary+NotNULL.h"; sourceTree = "<group>"; };
		0ECA88271B27CA7100B5656F /* NSDictionary+NotNULL.m */ = {isa = PBXFileReference; fileEncoding = 4; lastKnownFileType = sourcecode.c.objc; path = "NSDictionary+NotNULL.m"; sourceTree = "<group>"; };
		0ECA88281B27CA7100B5656F /* NSFileManager+Directories.h */ = {isa = PBXFileReference; fileEncoding = 4; lastKnownFileType = sourcecode.c.h; path = "NSFileManager+Directories.h"; sourceTree = "<group>"; };
		0ECA88291B27CA7100B5656F /* NSFileManager+Directories.m */ = {isa = PBXFileReference; fileEncoding = 4; lastKnownFileType = sourcecode.c.objc; path = "NSFileManager+Directories.m"; sourceTree = "<group>"; };
		0ECA882A1B27CA7100B5656F /* NSString+Helpers.h */ = {isa = PBXFileReference; fileEncoding = 4; lastKnownFileType = sourcecode.c.h; path = "NSString+Helpers.h"; sourceTree = "<group>"; };
		0ECA882B1B27CA7100B5656F /* NSString+Helpers.m */ = {isa = PBXFileReference; fileEncoding = 4; lastKnownFileType = sourcecode.c.objc; path = "NSString+Helpers.m"; sourceTree = "<group>"; };
		0ECA882C1B27CA7100B5656F /* UIDevice-Hardware.h */ = {isa = PBXFileReference; fileEncoding = 4; lastKnownFileType = sourcecode.c.h; path = "UIDevice-Hardware.h"; sourceTree = "<group>"; };
		0ECA882D1B27CA7100B5656F /* UIDevice-Hardware.m */ = {isa = PBXFileReference; fileEncoding = 4; lastKnownFileType = sourcecode.c.objc; path = "UIDevice-Hardware.m"; sourceTree = "<group>"; };
		0ECA882E1B27CA7100B5656F /* UIView+AutoLayout.h */ = {isa = PBXFileReference; fileEncoding = 4; lastKnownFileType = sourcecode.c.h; path = "UIView+AutoLayout.h"; sourceTree = "<group>"; };
		0ECA882F1B27CA7100B5656F /* UIView+AutoLayout.m */ = {isa = PBXFileReference; fileEncoding = 4; lastKnownFileType = sourcecode.c.objc; path = "UIView+AutoLayout.m"; sourceTree = "<group>"; };
		0ECA88301B27CA7100B5656F /* UIView+Identifier.h */ = {isa = PBXFileReference; fileEncoding = 4; lastKnownFileType = sourcecode.c.h; path = "UIView+Identifier.h"; sourceTree = "<group>"; };
		0ECA88311B27CA7100B5656F /* UIView+Identifier.m */ = {isa = PBXFileReference; fileEncoding = 4; lastKnownFileType = sourcecode.c.objc; path = "UIView+Identifier.m"; sourceTree = "<group>"; };
		0ECA88331B27CA7100B5656F /* NikmeDefine.h */ = {isa = PBXFileReference; fileEncoding = 4; lastKnownFileType = sourcecode.c.h; path = NikmeDefine.h; sourceTree = "<group>"; };
		0ECA88351B27CA7100B5656F /* NMDeviceHelper.h */ = {isa = PBXFileReference; fileEncoding = 4; lastKnownFileType = sourcecode.c.h; path = NMDeviceHelper.h; sourceTree = "<group>"; };
		0ECA88361B27CA7100B5656F /* NMDeviceHelper.m */ = {isa = PBXFileReference; fileEncoding = 4; lastKnownFileType = sourcecode.c.objc; path = NMDeviceHelper.m; sourceTree = "<group>"; };
		0ECA88371B27CA7100B5656F /* NMImageHelper.h */ = {isa = PBXFileReference; fileEncoding = 4; lastKnownFileType = sourcecode.c.h; path = NMImageHelper.h; sourceTree = "<group>"; };
		0ECA88381B27CA7100B5656F /* NMImageHelper.m */ = {isa = PBXFileReference; fileEncoding = 4; lastKnownFileType = sourcecode.c.objc; path = NMImageHelper.m; sourceTree = "<group>"; };
		0ECA88391B27CA7100B5656F /* NMSecurityHelper.h */ = {isa = PBXFileReference; fileEncoding = 4; lastKnownFileType = sourcecode.c.h; path = NMSecurityHelper.h; sourceTree = "<group>"; };
		0ECA883A1B27CA7100B5656F /* NMSecurityHelper.m */ = {isa = PBXFileReference; fileEncoding = 4; lastKnownFileType = sourcecode.c.objc; path = NMSecurityHelper.m; sourceTree = "<group>"; };
		0ECA883B1B27CA7100B5656F /* NMUIHelper.h */ = {isa = PBXFileReference; fileEncoding = 4; lastKnownFileType = sourcecode.c.h; path = NMUIHelper.h; sourceTree = "<group>"; };
		0ECA883C1B27CA7100B5656F /* NMUIHelper.m */ = {isa = PBXFileReference; fileEncoding = 4; lastKnownFileType = sourcecode.c.objc; path = NMUIHelper.m; sourceTree = "<group>"; };
		0ECA884D1B27CB4C00B5656F /* BaseCollectionViewCell.h */ = {isa = PBXFileReference; fileEncoding = 4; lastKnownFileType = sourcecode.c.h; path = BaseCollectionViewCell.h; sourceTree = "<group>"; };
		0ECA884E1B27CB4C00B5656F /* BaseCollectionViewCell.m */ = {isa = PBXFileReference; fileEncoding = 4; lastKnownFileType = sourcecode.c.objc; path = BaseCollectionViewCell.m; sourceTree = "<group>"; };
		0ECA884F1B27CB4C00B5656F /* BaseNavigationController.h */ = {isa = PBXFileReference; fileEncoding = 4; lastKnownFileType = sourcecode.c.h; path = BaseNavigationController.h; sourceTree = "<group>"; };
		0ECA88501B27CB4C00B5656F /* BaseNavigationController.m */ = {isa = PBXFileReference; fileEncoding = 4; lastKnownFileType = sourcecode.c.objc; path = BaseNavigationController.m; sourceTree = "<group>"; };
		0ECA88511B27CB4C00B5656F /* BaseTableViewCell.h */ = {isa = PBXFileReference; fileEncoding = 4; lastKnownFileType = sourcecode.c.h; path = BaseTableViewCell.h; sourceTree = "<group>"; };
		0ECA88521B27CB4C00B5656F /* BaseTableViewCell.m */ = {isa = PBXFileReference; fileEncoding = 4; lastKnownFileType = sourcecode.c.objc; path = BaseTableViewCell.m; sourceTree = "<group>"; };
		0ECA88531B27CB4C00B5656F /* BaseView.h */ = {isa = PBXFileReference; fileEncoding = 4; lastKnownFileType = sourcecode.c.h; path = BaseView.h; sourceTree = "<group>"; };
		0ECA88541B27CB4C00B5656F /* BaseView.m */ = {isa = PBXFileReference; fileEncoding = 4; lastKnownFileType = sourcecode.c.objc; path = BaseView.m; sourceTree = "<group>"; };
		0ECA88551B27CB4C00B5656F /* BaseViewController.h */ = {isa = PBXFileReference; fileEncoding = 4; lastKnownFileType = sourcecode.c.h; path = BaseViewController.h; sourceTree = "<group>"; };
		0ECA88561B27CB4C00B5656F /* BaseViewController.m */ = {isa = PBXFileReference; fileEncoding = 4; lastKnownFileType = sourcecode.c.objc; path = BaseViewController.m; sourceTree = "<group>"; };
		0ECA885D1B27CC8F00B5656F /* CODropListVC.h */ = {isa = PBXFileReference; fileEncoding = 4; lastKnownFileType = sourcecode.c.h; path = CODropListVC.h; sourceTree = "<group>"; };
		0ECA885E1B27CC8F00B5656F /* CODropListVC.m */ = {isa = PBXFileReference; fileEncoding = 4; lastKnownFileType = sourcecode.c.objc; path = CODropListVC.m; sourceTree = "<group>"; };
		0ECA88691B27D2A700B5656F /* LoginViewController.h */ = {isa = PBXFileReference; fileEncoding = 4; lastKnownFileType = sourcecode.c.h; path = LoginViewController.h; sourceTree = "<group>"; };
		0ECA886A1B27D2A700B5656F /* LoginViewController.m */ = {isa = PBXFileReference; fileEncoding = 4; lastKnownFileType = sourcecode.c.objc; path = LoginViewController.m; sourceTree = "<group>"; };
		0ECA886B1B27D2A700B5656F /* LoginViewController.xib */ = {isa = PBXFileReference; fileEncoding = 4; lastKnownFileType = file.xib; path = LoginViewController.xib; sourceTree = "<group>"; };
		0ECA886E1B27D45900B5656F /* HomeListViewController.h */ = {isa = PBXFileReference; fileEncoding = 4; lastKnownFileType = sourcecode.c.h; path = HomeListViewController.h; sourceTree = "<group>"; };
		0ECA886F1B27D45900B5656F /* HomeListViewController.m */ = {isa = PBXFileReference; fileEncoding = 4; lastKnownFileType = sourcecode.c.objc; path = HomeListViewController.m; sourceTree = "<group>"; };
		0ECA88701B27D45900B5656F /* HomeListViewController.xib */ = {isa = PBXFileReference; fileEncoding = 4; lastKnownFileType = file.xib; path = HomeListViewController.xib; sourceTree = "<group>"; };
		0ECA88731B27D52A00B5656F /* BaseTabBarController.h */ = {isa = PBXFileReference; fileEncoding = 4; lastKnownFileType = sourcecode.c.h; path = BaseTabBarController.h; sourceTree = "<group>"; };
		0ECA88741B27D52A00B5656F /* BaseTabBarController.m */ = {isa = PBXFileReference; fileEncoding = 4; lastKnownFileType = sourcecode.c.objc; path = BaseTabBarController.m; sourceTree = "<group>"; };
		0ECA88761B27D57800B5656F /* ProfileViewController.h */ = {isa = PBXFileReference; fileEncoding = 4; lastKnownFileType = sourcecode.c.h; path = ProfileViewController.h; sourceTree = "<group>"; };
		0ECA88771B27D57800B5656F /* ProfileViewController.m */ = {isa = PBXFileReference; fileEncoding = 4; lastKnownFileType = sourcecode.c.objc; path = ProfileViewController.m; sourceTree = "<group>"; };
		0ECA88781B27D57800B5656F /* ProfileViewController.xib */ = {isa = PBXFileReference; fileEncoding = 4; lastKnownFileType = file.xib; path = ProfileViewController.xib; sourceTree = "<group>"; };
		0ECA887B1B27D5B800B5656F /* SettingViewController.h */ = {isa = PBXFileReference; fileEncoding = 4; lastKnownFileType = sourcecode.c.h; path = SettingViewController.h; sourceTree = "<group>"; };
		0ECA887C1B27D5B800B5656F /* SettingViewController.m */ = {isa = PBXFileReference; fileEncoding = 4; lastKnownFileType = sourcecode.c.objc; path = SettingViewController.m; sourceTree = "<group>"; };
		0ECA887D1B27D5B800B5656F /* SettingViewController.xib */ = {isa = PBXFileReference; fileEncoding = 4; lastKnownFileType = file.xib; path = SettingViewController.xib; sourceTree = "<group>"; };
		0ECA88801B27DD5200B5656F /* RegisterViewController.h */ = {isa = PBXFileReference; fileEncoding = 4; lastKnownFileType = sourcecode.c.h; path = RegisterViewController.h; sourceTree = "<group>"; };
		0ECA88811B27DD5200B5656F /* RegisterViewController.m */ = {isa = PBXFileReference; fileEncoding = 4; lastKnownFileType = sourcecode.c.objc; path = RegisterViewController.m; sourceTree = "<group>"; };
		0ECA88821B27DD5200B5656F /* RegisterViewController.xib */ = {isa = PBXFileReference; fileEncoding = 4; lastKnownFileType = file.xib; path = RegisterViewController.xib; sourceTree = "<group>"; };
		0ECA88861B27E09A00B5656F /* ForgotPasswordViewController.h */ = {isa = PBXFileReference; fileEncoding = 4; lastKnownFileType = sourcecode.c.h; path = ForgotPasswordViewController.h; sourceTree = "<group>"; };
		0ECA88871B27E09A00B5656F /* ForgotPasswordViewController.m */ = {isa = PBXFileReference; fileEncoding = 4; lastKnownFileType = sourcecode.c.objc; path = ForgotPasswordViewController.m; sourceTree = "<group>"; };
		0ECA88881B27E09A00B5656F /* ForgotPasswordViewController.xib */ = {isa = PBXFileReference; fileEncoding = 4; lastKnownFileType = file.xib; path = ForgotPasswordViewController.xib; sourceTree = "<group>"; };
		0EFEB4B01B2724B2001195B7 /* CoAssest.app */ = {isa = PBXFileReference; explicitFileType = wrapper.application; includeInIndex = 0; path = CoAssest.app; sourceTree = BUILT_PRODUCTS_DIR; };
		0EFEB4CC1B2724B2001195B7 /* CoAssestTests.xctest */ = {isa = PBXFileReference; explicitFileType = wrapper.cfbundle; includeInIndex = 0; path = CoAssestTests.xctest; sourceTree = BUILT_PRODUCTS_DIR; };
		0EFEB4D11B2724B2001195B7 /* Info.plist */ = {isa = PBXFileReference; lastKnownFileType = text.plist.xml; path = Info.plist; sourceTree = "<group>"; };
		0EFEB4D21B2724B2001195B7 /* CoAssestTests.m */ = {isa = PBXFileReference; lastKnownFileType = sourcecode.c.objc; path = CoAssestTests.m; sourceTree = "<group>"; };
		0EFEB4F81B2729E0001195B7 /* AppDelegate.h */ = {isa = PBXFileReference; fileEncoding = 4; lastKnownFileType = sourcecode.c.h; path = AppDelegate.h; sourceTree = "<group>"; };
		0EFEB4F91B2729E0001195B7 /* AppDelegate.m */ = {isa = PBXFileReference; fileEncoding = 4; lastKnownFileType = sourcecode.c.objc; path = AppDelegate.m; sourceTree = "<group>"; };
		0EFEB5001B2729E0001195B7 /* CoAssest.xcdatamodel */ = {isa = PBXFileReference; lastKnownFileType = wrapper.xcdatamodel; path = CoAssest.xcdatamodel; sourceTree = "<group>"; };
		0EFEB5041B2729E0001195B7 /* Base */ = {isa = PBXFileReference; lastKnownFileType = file.xib; name = Base; path = Base.lproj/LaunchScreen.xib; sourceTree = "<group>"; };
		0EFEB5051B2729E0001195B7 /* Info.plist */ = {isa = PBXFileReference; fileEncoding = 4; lastKnownFileType = text.plist.xml; path = Info.plist; sourceTree = "<group>"; };
		0EFEB5061B2729E0001195B7 /* main.m */ = {isa = PBXFileReference; fileEncoding = 4; lastKnownFileType = sourcecode.c.objc; path = main.m; sourceTree = "<group>"; };
		0EFEB5081B2729E0001195B7 /* Images.xcassets */ = {isa = PBXFileReference; lastKnownFileType = folder.assetcatalog; path = Images.xcassets; sourceTree = "<group>"; };
		0EFEB5191B272B36001195B7 /* CoAssest-Prefix.pch */ = {isa = PBXFileReference; lastKnownFileType = sourcecode.c.h; path = "CoAssest-Prefix.pch"; sourceTree = "<group>"; };
		0EFEB51A1B272C40001195B7 /* AppDefines.h */ = {isa = PBXFileReference; lastKnownFileType = sourcecode.c.h; path = AppDefines.h; sourceTree = "<group>"; };
		7F03EBE01B2ABEE6009D7985 /* COPositive&NagitiveButton.h */ = {isa = PBXFileReference; fileEncoding = 4; lastKnownFileType = sourcecode.c.h; path = "COPositive&NagitiveButton.h"; sourceTree = "<group>"; };
		7F03EBE11B2ABEE6009D7985 /* COPositive&NagitiveButton.m */ = {isa = PBXFileReference; fileEncoding = 4; lastKnownFileType = sourcecode.c.objc; path = "COPositive&NagitiveButton.m"; sourceTree = "<group>"; };
		7F03EBE41B2AD2E7009D7985 /* ic_Check.png */ = {isa = PBXFileReference; lastKnownFileType = image.png; path = ic_Check.png; sourceTree = "<group>"; };
		7F03EBE51B2AD2E7009D7985 /* ic_Check@2x.png */ = {isa = PBXFileReference; lastKnownFileType = image.png; path = "ic_Check@2x.png"; sourceTree = "<group>"; };
		7F03EBE61B2AD2E7009D7985 /* ic_Check@3x.png */ = {isa = PBXFileReference; lastKnownFileType = image.png; path = "ic_Check@3x.png"; sourceTree = "<group>"; };
		7F03EBE71B2AD2E7009D7985 /* ic_uncheck.png */ = {isa = PBXFileReference; lastKnownFileType = image.png; path = ic_uncheck.png; sourceTree = "<group>"; };
		7F03EBE81B2AD2E7009D7985 /* ic_uncheck@2x.png */ = {isa = PBXFileReference; lastKnownFileType = image.png; path = "ic_uncheck@2x.png"; sourceTree = "<group>"; };
		7F03EBE91B2AD2E7009D7985 /* ic_uncheck@3x.png */ = {isa = PBXFileReference; lastKnownFileType = image.png; path = "ic_uncheck@3x.png"; sourceTree = "<group>"; };
		7F03EBF01B2AD933009D7985 /* ic_droplist.png */ = {isa = PBXFileReference; lastKnownFileType = image.png; path = ic_droplist.png; sourceTree = "<group>"; };
		7F03EBF11B2AD933009D7985 /* ic_droplist@2x.png */ = {isa = PBXFileReference; lastKnownFileType = image.png; path = "ic_droplist@2x.png"; sourceTree = "<group>"; };
		7F03EBF21B2AD933009D7985 /* ic_droplist@3x.png */ = {isa = PBXFileReference; lastKnownFileType = image.png; path = "ic_droplist@3x.png"; sourceTree = "<group>"; };
		7F03EBF71B2AE86F009D7985 /* CoDropListButtom.h */ = {isa = PBXFileReference; fileEncoding = 4; lastKnownFileType = sourcecode.c.h; path = CoDropListButtom.h; sourceTree = "<group>"; };
		7F03EBF81B2AE86F009D7985 /* CoDropListButtom.m */ = {isa = PBXFileReference; fileEncoding = 4; lastKnownFileType = sourcecode.c.objc; path = CoDropListButtom.m; sourceTree = "<group>"; };
		7F46FDC41B2B146A003BB1C4 /* COCheckBoxButton.h */ = {isa = PBXFileReference; fileEncoding = 4; lastKnownFileType = sourcecode.c.h; path = COCheckBoxButton.h; sourceTree = "<group>"; };
		7F46FDC51B2B146A003BB1C4 /* COCheckBoxButton.m */ = {isa = PBXFileReference; fileEncoding = 4; lastKnownFileType = sourcecode.c.objc; path = COCheckBoxButton.m; sourceTree = "<group>"; };
		7FDA50FF1B2A8518001CA7E1 /* COLineBottomView.h */ = {isa = PBXFileReference; fileEncoding = 4; lastKnownFileType = sourcecode.c.h; path = COLineBottomView.h; sourceTree = "<group>"; };
		7FDA51001B2A8518001CA7E1 /* COLineBottomView.m */ = {isa = PBXFileReference; fileEncoding = 4; lastKnownFileType = sourcecode.c.objc; path = COLineBottomView.m; sourceTree = "<group>"; };
		7FDA51031B2A9930001CA7E1 /* TPKeyboardAvoidingCollectionView.h */ = {isa = PBXFileReference; fileEncoding = 4; lastKnownFileType = sourcecode.c.h; path = TPKeyboardAvoidingCollectionView.h; sourceTree = "<group>"; };
		7FDA51041B2A9930001CA7E1 /* TPKeyboardAvoidingCollectionView.m */ = {isa = PBXFileReference; fileEncoding = 4; lastKnownFileType = sourcecode.c.objc; path = TPKeyboardAvoidingCollectionView.m; sourceTree = "<group>"; };
		7FDA51051B2A9930001CA7E1 /* TPKeyboardAvoidingScrollView.h */ = {isa = PBXFileReference; fileEncoding = 4; lastKnownFileType = sourcecode.c.h; path = TPKeyboardAvoidingScrollView.h; sourceTree = "<group>"; };
		7FDA51061B2A9930001CA7E1 /* TPKeyboardAvoidingScrollView.m */ = {isa = PBXFileReference; fileEncoding = 4; lastKnownFileType = sourcecode.c.objc; path = TPKeyboardAvoidingScrollView.m; sourceTree = "<group>"; };
		7FDA51071B2A9930001CA7E1 /* TPKeyboardAvoidingTableView.h */ = {isa = PBXFileReference; fileEncoding = 4; lastKnownFileType = sourcecode.c.h; path = TPKeyboardAvoidingTableView.h; sourceTree = "<group>"; };
		7FDA51081B2A9930001CA7E1 /* TPKeyboardAvoidingTableView.m */ = {isa = PBXFileReference; fileEncoding = 4; lastKnownFileType = sourcecode.c.objc; path = TPKeyboardAvoidingTableView.m; sourceTree = "<group>"; };
		7FDA51091B2A9930001CA7E1 /* UIScrollView+TPKeyboardAvoidingAdditions.h */ = {isa = PBXFileReference; fileEncoding = 4; lastKnownFileType = sourcecode.c.h; path = "UIScrollView+TPKeyboardAvoidingAdditions.h"; sourceTree = "<group>"; };
		7FDA510A1B2A9930001CA7E1 /* UIScrollView+TPKeyboardAvoidingAdditions.m */ = {isa = PBXFileReference; fileEncoding = 4; lastKnownFileType = sourcecode.c.objc; path = "UIScrollView+TPKeyboardAvoidingAdditions.m"; sourceTree = "<group>"; };
		7FE21EEE1B2D0FF1009B78DF /* CODropListView.h */ = {isa = PBXFileReference; fileEncoding = 4; lastKnownFileType = sourcecode.c.h; path = CODropListView.h; sourceTree = "<group>"; };
		7FE21EEF1B2D0FF1009B78DF /* CODropListView.m */ = {isa = PBXFileReference; fileEncoding = 4; lastKnownFileType = sourcecode.c.objc; path = CODropListView.m; sourceTree = "<group>"; tabWidth = 4; };
		7FE21EF11B2D11E1009B78DF /* CODropListView.xib */ = {isa = PBXFileReference; fileEncoding = 4; lastKnownFileType = file.xib; path = CODropListView.xib; sourceTree = "<group>"; };
		7FE21EF31B2D1F64009B78DF /* Close_Circle_Line@2x.png */ = {isa = PBXFileReference; lastKnownFileType = image.png; path = "Close_Circle_Line@2x.png"; sourceTree = "<group>"; };
		7FE21EF41B2D1F64009B78DF /* Close_Circle_Line@3x.png */ = {isa = PBXFileReference; lastKnownFileType = image.png; path = "Close_Circle_Line@3x.png"; sourceTree = "<group>"; };
		7FE21EFB1B2D73FB009B78DF /* DropListObject.h */ = {isa = PBXFileReference; fileEncoding = 4; lastKnownFileType = sourcecode.c.h; path = DropListObject.h; sourceTree = "<group>"; };
		7FE21EFC1B2D73FB009B78DF /* DropListObject.m */ = {isa = PBXFileReference; fileEncoding = 4; lastKnownFileType = sourcecode.c.objc; path = DropListObject.m; sourceTree = "<group>"; };
		7FE21EFE1B2D7435009B78DF /* DropListCell.h */ = {isa = PBXFileReference; fileEncoding = 4; lastKnownFileType = sourcecode.c.h; path = DropListCell.h; sourceTree = "<group>"; };
		7FE21EFF1B2D7435009B78DF /* DropListCell.m */ = {isa = PBXFileReference; fileEncoding = 4; lastKnownFileType = sourcecode.c.objc; path = DropListCell.m; sourceTree = "<group>"; };
		7FE21F001B2D7435009B78DF /* DropListCell.xib */ = {isa = PBXFileReference; fileEncoding = 4; lastKnownFileType = file.xib; path = DropListCell.xib; sourceTree = "<group>"; };
		7FE21F061B2D7B79009B78DF /* LoadFileManager.h */ = {isa = PBXFileReference; fileEncoding = 4; lastKnownFileType = sourcecode.c.h; path = LoadFileManager.h; sourceTree = "<group>"; };
		7FE21F071B2D7B79009B78DF /* LoadFileManager.m */ = {isa = PBXFileReference; fileEncoding = 4; lastKnownFileType = sourcecode.c.objc; path = LoadFileManager.m; sourceTree = "<group>"; };
		7FE21F0A1B2D83FD009B78DF /* JsonPhoneCode.json */ = {isa = PBXFileReference; fileEncoding = 4; lastKnownFileType = text.json; path = JsonPhoneCode.json; sourceTree = "<group>"; };
		7FF06DE61B2E6953009DEDEC /* ic_home_heightline@2x.png */ = {isa = PBXFileReference; lastKnownFileType = image.png; path = "ic_home_heightline@2x.png"; sourceTree = "<group>"; };
		7FF06DE71B2E6953009DEDEC /* ic_home_heightline@3x.png */ = {isa = PBXFileReference; lastKnownFileType = image.png; path = "ic_home_heightline@3x.png"; sourceTree = "<group>"; };
		7FF06DE81B2E6953009DEDEC /* ic_home@2x.png */ = {isa = PBXFileReference; lastKnownFileType = image.png; path = "ic_home@2x.png"; sourceTree = "<group>"; };
		7FF06DE91B2E6953009DEDEC /* ic_home@3x.png */ = {isa = PBXFileReference; lastKnownFileType = image.png; path = "ic_home@3x.png"; sourceTree = "<group>"; };
		7FF06DEA1B2E6953009DEDEC /* ic_peopel@2x.png */ = {isa = PBXFileReference; lastKnownFileType = image.png; path = "ic_peopel@2x.png"; sourceTree = "<group>"; };
		7FF06DEB1B2E6953009DEDEC /* ic_peopel@3x.png */ = {isa = PBXFileReference; lastKnownFileType = image.png; path = "ic_peopel@3x.png"; sourceTree = "<group>"; };
		7FF06DEC1B2E6953009DEDEC /* ic_people_heightline@2x.png */ = {isa = PBXFileReference; lastKnownFileType = image.png; path = "ic_people_heightline@2x.png"; sourceTree = "<group>"; };
		7FF06DED1B2E6953009DEDEC /* ic_people_heightline@3x.png */ = {isa = PBXFileReference; lastKnownFileType = image.png; path = "ic_people_heightline@3x.png"; sourceTree = "<group>"; };
		7FF06DEE1B2E6953009DEDEC /* ic_setting_heightline@2x.png */ = {isa = PBXFileReference; lastKnownFileType = image.png; path = "ic_setting_heightline@2x.png"; sourceTree = "<group>"; };
		7FF06DEF1B2E6953009DEDEC /* ic_setting_heightline@3x.png */ = {isa = PBXFileReference; lastKnownFileType = image.png; path = "ic_setting_heightline@3x.png"; sourceTree = "<group>"; };
		7FF06DF01B2E6953009DEDEC /* ic_setting@2x.png */ = {isa = PBXFileReference; lastKnownFileType = image.png; path = "ic_setting@2x.png"; sourceTree = "<group>"; };
		7FF06DF11B2E6953009DEDEC /* ic_setting@3x.png */ = {isa = PBXFileReference; lastKnownFileType = image.png; path = "ic_setting@3x.png"; sourceTree = "<group>"; };
		7FF06DFF1B2E723A009DEDEC /* HomeListViewCell.h */ = {isa = PBXFileReference; fileEncoding = 4; lastKnownFileType = sourcecode.c.h; path = HomeListViewCell.h; sourceTree = "<group>"; };
		7FF06E001B2E723A009DEDEC /* HomeListViewCell.m */ = {isa = PBXFileReference; fileEncoding = 4; lastKnownFileType = sourcecode.c.objc; path = HomeListViewCell.m; sourceTree = "<group>"; };
		7FF06E011B2E723A009DEDEC /* HomeListViewCell.xib */ = {isa = PBXFileReference; fileEncoding = 4; lastKnownFileType = file.xib; path = HomeListViewCell.xib; sourceTree = "<group>"; };
		7FF06E051B2E76C9009DEDEC /* 1.jpg */ = {isa = PBXFileReference; lastKnownFileType = image.jpeg; path = 1.jpg; sourceTree = "<group>"; };
		7FF06E061B2E76C9009DEDEC /* 10.jpg */ = {isa = PBXFileReference; lastKnownFileType = image.jpeg; path = 10.jpg; sourceTree = "<group>"; };
		7FF06E071B2E76C9009DEDEC /* 11.jpg */ = {isa = PBXFileReference; lastKnownFileType = image.jpeg; path = 11.jpg; sourceTree = "<group>"; };
		7FF06E081B2E76C9009DEDEC /* 12.jpg */ = {isa = PBXFileReference; lastKnownFileType = image.jpeg; path = 12.jpg; sourceTree = "<group>"; };
		7FF06E091B2E76C9009DEDEC /* 13.jpg */ = {isa = PBXFileReference; lastKnownFileType = image.jpeg; path = 13.jpg; sourceTree = "<group>"; };
		7FF06E0A1B2E76C9009DEDEC /* 14.jpg */ = {isa = PBXFileReference; lastKnownFileType = image.jpeg; path = 14.jpg; sourceTree = "<group>"; };
		7FF06E0B1B2E76C9009DEDEC /* 15.jpg */ = {isa = PBXFileReference; lastKnownFileType = image.jpeg; path = 15.jpg; sourceTree = "<group>"; };
		7FF06E0C1B2E76C9009DEDEC /* 16.jpg */ = {isa = PBXFileReference; lastKnownFileType = image.jpeg; path = 16.jpg; sourceTree = "<group>"; };
		7FF06E0D1B2E76C9009DEDEC /* 17.jpg */ = {isa = PBXFileReference; lastKnownFileType = image.jpeg; path = 17.jpg; sourceTree = "<group>"; };
		7FF06E0E1B2E76C9009DEDEC /* 18.jpg */ = {isa = PBXFileReference; lastKnownFileType = image.jpeg; path = 18.jpg; sourceTree = "<group>"; };
		7FF06E0F1B2E76C9009DEDEC /* 19.jpg */ = {isa = PBXFileReference; lastKnownFileType = image.jpeg; path = 19.jpg; sourceTree = "<group>"; };
		7FF06E101B2E76C9009DEDEC /* 2.jpg */ = {isa = PBXFileReference; lastKnownFileType = image.jpeg; path = 2.jpg; sourceTree = "<group>"; };
		7FF06E111B2E76C9009DEDEC /* 20.jpg */ = {isa = PBXFileReference; lastKnownFileType = image.jpeg; path = 20.jpg; sourceTree = "<group>"; };
		7FF06E121B2E76C9009DEDEC /* 3.jpg */ = {isa = PBXFileReference; lastKnownFileType = image.jpeg; path = 3.jpg; sourceTree = "<group>"; };
		7FF06E131B2E76C9009DEDEC /* 4.jpg */ = {isa = PBXFileReference; lastKnownFileType = image.jpeg; path = 4.jpg; sourceTree = "<group>"; };
		7FF06E141B2E76C9009DEDEC /* 5.jpg */ = {isa = PBXFileReference; lastKnownFileType = image.jpeg; path = 5.jpg; sourceTree = "<group>"; };
		7FF06E151B2E76C9009DEDEC /* 6.jpg */ = {isa = PBXFileReference; lastKnownFileType = image.jpeg; path = 6.jpg; sourceTree = "<group>"; };
		7FF06E161B2E76C9009DEDEC /* 7.jpg */ = {isa = PBXFileReference; lastKnownFileType = image.jpeg; path = 7.jpg; sourceTree = "<group>"; };
		7FF06E171B2E76C9009DEDEC /* 8.jpg */ = {isa = PBXFileReference; lastKnownFileType = image.jpeg; path = 8.jpg; sourceTree = "<group>"; };
		7FF06E181B2E76C9009DEDEC /* 9.jpg */ = {isa = PBXFileReference; lastKnownFileType = image.jpeg; path = 9.jpg; sourceTree = "<group>"; };
		7FF06E2D1B2E797E009DEDEC /* Earth_256.png */ = {isa = PBXFileReference; lastKnownFileType = image.png; path = Earth_256.png; sourceTree = "<group>"; };
		7FF06E2F1B2E7C2B009DEDEC /* CODummyDataManager.h */ = {isa = PBXFileReference; fileEncoding = 4; lastKnownFileType = sourcecode.c.h; path = CODummyDataManager.h; sourceTree = "<group>"; };
		7FF06E301B2E7C2B009DEDEC /* CODummyDataManager.m */ = {isa = PBXFileReference; fileEncoding = 4; lastKnownFileType = sourcecode.c.objc; path = CODummyDataManager.m; sourceTree = "<group>"; };
		7FF06E331B2E7CBC009DEDEC /* ListHomeObject.h */ = {isa = PBXFileReference; fileEncoding = 4; lastKnownFileType = sourcecode.c.h; path = ListHomeObject.h; sourceTree = "<group>"; };
		7FF06E341B2E7CBC009DEDEC /* ListHomeObject.m */ = {isa = PBXFileReference; fileEncoding = 4; lastKnownFileType = sourcecode.c.objc; path = ListHomeObject.m; sourceTree = "<group>"; };
/* End PBXFileReference section */

/* Begin PBXFrameworksBuildPhase section */
		0EFEB4AD1B2724B2001195B7 /* Frameworks */ = {
			isa = PBXFrameworksBuildPhase;
			buildActionMask = 2147483647;
			files = (
			);
			runOnlyForDeploymentPostprocessing = 0;
		};
		0EFEB4C91B2724B2001195B7 /* Frameworks */ = {
			isa = PBXFrameworksBuildPhase;
			buildActionMask = 2147483647;
			files = (
			);
			runOnlyForDeploymentPostprocessing = 0;
		};
/* End PBXFrameworksBuildPhase section */

/* Begin PBXGroup section */
		0ECA88181B27CA7100B5656F /* Base */ = {
			isa = PBXGroup;
			children = (
				0ECA88191B27CA7100B5656F /* NMCollectionView.h */,
				0ECA881A1B27CA7100B5656F /* NMCollectionView.m */,
				0ECA881B1B27CA7100B5656F /* NMCollectionViewCell.h */,
				0ECA881C1B27CA7100B5656F /* NMCollectionViewCell.m */,
				0ECA881D1B27CA7100B5656F /* NMTableView.h */,
				0ECA881E1B27CA7100B5656F /* NMTableView.m */,
				0ECA881F1B27CA7100B5656F /* NMTableViewCell.h */,
				0ECA88201B27CA7100B5656F /* NMTableViewCell.m */,
				0ECA88211B27CA7100B5656F /* NMView.h */,
				0ECA88221B27CA7100B5656F /* NMView.m */,
				0ECA88231B27CA7100B5656F /* NMViewController.h */,
				0ECA88241B27CA7100B5656F /* NMViewController.m */,
			);
			path = Base;
			sourceTree = "<group>";
		};
		0ECA88251B27CA7100B5656F /* Categories */ = {
			isa = PBXGroup;
			children = (
				0ECA88261B27CA7100B5656F /* NSDictionary+NotNULL.h */,
				0ECA88271B27CA7100B5656F /* NSDictionary+NotNULL.m */,
				0ECA88281B27CA7100B5656F /* NSFileManager+Directories.h */,
				0ECA88291B27CA7100B5656F /* NSFileManager+Directories.m */,
				0ECA882A1B27CA7100B5656F /* NSString+Helpers.h */,
				0ECA882B1B27CA7100B5656F /* NSString+Helpers.m */,
				0ECA882C1B27CA7100B5656F /* UIDevice-Hardware.h */,
				0ECA882D1B27CA7100B5656F /* UIDevice-Hardware.m */,
				0ECA882E1B27CA7100B5656F /* UIView+AutoLayout.h */,
				0ECA882F1B27CA7100B5656F /* UIView+AutoLayout.m */,
				0ECA88301B27CA7100B5656F /* UIView+Identifier.h */,
				0ECA88311B27CA7100B5656F /* UIView+Identifier.m */,
			);
			path = Categories;
			sourceTree = "<group>";
		};
		0ECA88321B27CA7100B5656F /* Defines */ = {
			isa = PBXGroup;
			children = (
				0ECA88331B27CA7100B5656F /* NikmeDefine.h */,
			);
			path = Defines;
			sourceTree = "<group>";
		};
		0ECA88341B27CA7100B5656F /* Helpers */ = {
			isa = PBXGroup;
			children = (
				0ECA88351B27CA7100B5656F /* NMDeviceHelper.h */,
				0ECA88361B27CA7100B5656F /* NMDeviceHelper.m */,
				0ECA88371B27CA7100B5656F /* NMImageHelper.h */,
				0ECA88381B27CA7100B5656F /* NMImageHelper.m */,
				0ECA88391B27CA7100B5656F /* NMSecurityHelper.h */,
				0ECA883A1B27CA7100B5656F /* NMSecurityHelper.m */,
				0ECA883B1B27CA7100B5656F /* NMUIHelper.h */,
				0ECA883C1B27CA7100B5656F /* NMUIHelper.m */,
			);
			path = Helpers;
			sourceTree = "<group>";
		};
		0ECA885C1B27CC8F00B5656F /* CODropList */ = {
			isa = PBXGroup;
			children = (
				7FE21EF91B2D73A5009B78DF /* DropListCell */,
				7FE21EFA1B2D73A5009B78DF /* DropListObject */,
				0ECA885D1B27CC8F00B5656F /* CODropListVC.h */,
				0ECA885E1B27CC8F00B5656F /* CODropListVC.m */,
				7FE21EEE1B2D0FF1009B78DF /* CODropListView.h */,
				7FE21EEF1B2D0FF1009B78DF /* CODropListView.m */,
				7FE21EF11B2D11E1009B78DF /* CODropListView.xib */,
			);
			path = CODropList;
			sourceTree = "<group>";
		};
		0ECA88601B27D1CB00B5656F /* Home */ = {
			isa = PBXGroup;
			children = (
				0ECA88681B27D28300B5656F /* List */,
				0ECA88671B27D28300B5656F /* Filters */,
				0ECA88661B27D28300B5656F /* Details */,
			);
			path = Home;
			sourceTree = "<group>";
		};
		0ECA88611B27D1CB00B5656F /* Login + Register */ = {
			isa = PBXGroup;
			children = (
				0ECA88641B27D27900B5656F /* Login */,
				0ECA88651B27D27900B5656F /* Register */,
				0ECA88851B27E08100B5656F /* ForgotPassWord */,
			);
			path = "Login + Register";
			sourceTree = "<group>";
		};
		0ECA88621B27D1CB00B5656F /* Profile */ = {
			isa = PBXGroup;
			children = (
				0ECA88761B27D57800B5656F /* ProfileViewController.h */,
				0ECA88771B27D57800B5656F /* ProfileViewController.m */,
				0ECA88781B27D57800B5656F /* ProfileViewController.xib */,
			);
			path = Profile;
			sourceTree = "<group>";
		};
		0ECA88631B27D1CB00B5656F /* Setting */ = {
			isa = PBXGroup;
			children = (
				0ECA887B1B27D5B800B5656F /* SettingViewController.h */,
				0ECA887C1B27D5B800B5656F /* SettingViewController.m */,
				0ECA887D1B27D5B800B5656F /* SettingViewController.xib */,
			);
			path = Setting;
			sourceTree = "<group>";
		};
		0ECA88641B27D27900B5656F /* Login */ = {
			isa = PBXGroup;
			children = (
				0ECA88691B27D2A700B5656F /* LoginViewController.h */,
				0ECA886A1B27D2A700B5656F /* LoginViewController.m */,
				0ECA886B1B27D2A700B5656F /* LoginViewController.xib */,
			);
			path = Login;
			sourceTree = "<group>";
		};
		0ECA88651B27D27900B5656F /* Register */ = {
			isa = PBXGroup;
			children = (
				0ECA88801B27DD5200B5656F /* RegisterViewController.h */,
				0ECA88811B27DD5200B5656F /* RegisterViewController.m */,
				0ECA88821B27DD5200B5656F /* RegisterViewController.xib */,
			);
			path = Register;
			sourceTree = "<group>";
		};
		0ECA88661B27D28300B5656F /* Details */ = {
			isa = PBXGroup;
			children = (
			);
			path = Details;
			sourceTree = "<group>";
		};
		0ECA88671B27D28300B5656F /* Filters */ = {
			isa = PBXGroup;
			children = (
			);
			path = Filters;
			sourceTree = "<group>";
		};
		0ECA88681B27D28300B5656F /* List */ = {
			isa = PBXGroup;
			children = (
				7FF06DFE1B2E7209009DEDEC /* Cell */,
				0ECA886E1B27D45900B5656F /* HomeListViewController.h */,
				0ECA886F1B27D45900B5656F /* HomeListViewController.m */,
				0ECA88701B27D45900B5656F /* HomeListViewController.xib */,
			);
			path = List;
			sourceTree = "<group>";
		};
		0ECA88851B27E08100B5656F /* ForgotPassWord */ = {
			isa = PBXGroup;
			children = (
				0ECA88861B27E09A00B5656F /* ForgotPasswordViewController.h */,
				0ECA88871B27E09A00B5656F /* ForgotPasswordViewController.m */,
				0ECA88881B27E09A00B5656F /* ForgotPasswordViewController.xib */,
			);
			path = ForgotPassWord;
			sourceTree = "<group>";
		};
		0EFEB4A71B2724B2001195B7 = {
			isa = PBXGroup;
			children = (
				0EFEB4EC1B2727CA001195B7 /* Nikme */,
				0EFEB4F51B2729E0001195B7 /* Application */,
				0EFEB4CF1B2724B2001195B7 /* CoAssestTests */,
				0EFEB4B11B2724B2001195B7 /* Products */,
			);
			sourceTree = "<group>";
		};
		0EFEB4B11B2724B2001195B7 /* Products */ = {
			isa = PBXGroup;
			children = (
				0EFEB4B01B2724B2001195B7 /* CoAssest.app */,
				0EFEB4CC1B2724B2001195B7 /* CoAssestTests.xctest */,
			);
			name = Products;
			sourceTree = "<group>";
		};
		0EFEB4CF1B2724B2001195B7 /* CoAssestTests */ = {
			isa = PBXGroup;
			children = (
				0EFEB4D21B2724B2001195B7 /* CoAssestTests.m */,
				0EFEB4D01B2724B2001195B7 /* Supporting Files */,
			);
			path = CoAssestTests;
			sourceTree = "<group>";
		};
		0EFEB4D01B2724B2001195B7 /* Supporting Files */ = {
			isa = PBXGroup;
			children = (
				0EFEB4D11B2724B2001195B7 /* Info.plist */,
			);
			name = "Supporting Files";
			sourceTree = "<group>";
		};
		0EFEB4EC1B2727CA001195B7 /* Nikme */ = {
			isa = PBXGroup;
			children = (
				0ECA88181B27CA7100B5656F /* Base */,
				0ECA88251B27CA7100B5656F /* Categories */,
				0ECA88321B27CA7100B5656F /* Defines */,
				0ECA88341B27CA7100B5656F /* Helpers */,
			);
			path = Nikme;
			sourceTree = "<group>";
		};
		0EFEB4F51B2729E0001195B7 /* Application */ = {
			isa = PBXGroup;
			children = (
				0EFEB4F61B2729E0001195B7 /* Classes */,
				0EFEB5011B2729E0001195B7 /* Libraries */,
				0EFEB5021B2729E0001195B7 /* Main */,
				0EFEB5071B2729E0001195B7 /* Resources */,
			);
			path = Application;
			sourceTree = "<group>";
		};
		0EFEB4F61B2729E0001195B7 /* Classes */ = {
			isa = PBXGroup;
			children = (
				7FF06E321B2E7C7F009DEDEC /* Object */,
				0EFEB4F71B2729E0001195B7 /* AppDelegate */,
				0EFEB5111B272A92001195B7 /* Base */,
				7FDA50FD1B2A83FA001CA7E1 /* View */,
				0EFEB5131B272A92001195B7 /* Controls */,
				0EFEB4FA1B2729E0001195B7 /* Controllers */,
				0EFEB5141B272A92001195B7 /* Defines */,
				0EFEB5121B272A92001195B7 /* Categories */,
				0EFEB5151B272A92001195B7 /* Helpers */,
				0EFEB5161B272A92001195B7 /* Managers */,
				0EFEB4FE1B2729E0001195B7 /* Databases */,
				0EFEB5171B272A92001195B7 /* Models */,
				0EFEB5181B272A92001195B7 /* Services */,
			);
			path = Classes;
			sourceTree = "<group>";
		};
		0EFEB4F71B2729E0001195B7 /* AppDelegate */ = {
			isa = PBXGroup;
			children = (
				0EFEB4F81B2729E0001195B7 /* AppDelegate.h */,
				0EFEB4F91B2729E0001195B7 /* AppDelegate.m */,
			);
			path = AppDelegate;
			sourceTree = "<group>";
		};
		0EFEB4FA1B2729E0001195B7 /* Controllers */ = {
			isa = PBXGroup;
			children = (
				0ECA88611B27D1CB00B5656F /* Login + Register */,
				0ECA88601B27D1CB00B5656F /* Home */,
				0ECA88621B27D1CB00B5656F /* Profile */,
				0ECA88631B27D1CB00B5656F /* Setting */,
			);
			path = Controllers;
			sourceTree = "<group>";
		};
		0EFEB4FE1B2729E0001195B7 /* Databases */ = {
			isa = PBXGroup;
			children = (
				0EFEB4FF1B2729E0001195B7 /* CoAssest.xcdatamodeld */,
			);
			path = Databases;
			sourceTree = "<group>";
		};
		0EFEB5011B2729E0001195B7 /* Libraries */ = {
			isa = PBXGroup;
			children = (
				7FDA51021B2A9930001CA7E1 /* TPKeyboardAvoiding */,
			);
			path = Libraries;
			sourceTree = "<group>";
		};
		0EFEB5021B2729E0001195B7 /* Main */ = {
			isa = PBXGroup;
			children = (
				0EFEB5031B2729E0001195B7 /* LaunchScreen.xib */,
				0EFEB5051B2729E0001195B7 /* Info.plist */,
				0EFEB5191B272B36001195B7 /* CoAssest-Prefix.pch */,
				0EFEB5061B2729E0001195B7 /* main.m */,
			);
			path = Main;
			sourceTree = "<group>";
		};
		0EFEB5071B2729E0001195B7 /* Resources */ = {
			isa = PBXGroup;
			children = (
				7FF06E041B2E76C9009DEDEC /* Images Other */,
				7FE21F031B2D7638009B78DF /* Json */,
				7FE21F041B2D7638009B78DF /* Plist */,
				7F03EBE31B2AD2E7009D7985 /* Images */,
				0EFEB5081B2729E0001195B7 /* Images.xcassets */,
			);
			path = Resources;
			sourceTree = "<group>";
		};
		0EFEB5111B272A92001195B7 /* Base */ = {
			isa = PBXGroup;
			children = (
				0ECA884D1B27CB4C00B5656F /* BaseCollectionViewCell.h */,
				0ECA884E1B27CB4C00B5656F /* BaseCollectionViewCell.m */,
				0ECA884F1B27CB4C00B5656F /* BaseNavigationController.h */,
				0ECA88501B27CB4C00B5656F /* BaseNavigationController.m */,
				0ECA88731B27D52A00B5656F /* BaseTabBarController.h */,
				0ECA88741B27D52A00B5656F /* BaseTabBarController.m */,
				0ECA88511B27CB4C00B5656F /* BaseTableViewCell.h */,
				0ECA88521B27CB4C00B5656F /* BaseTableViewCell.m */,
				0ECA88531B27CB4C00B5656F /* BaseView.h */,
				0ECA88541B27CB4C00B5656F /* BaseView.m */,
				0ECA88551B27CB4C00B5656F /* BaseViewController.h */,
				0ECA88561B27CB4C00B5656F /* BaseViewController.m */,
			);
			path = Base;
			sourceTree = "<group>";
		};
		0EFEB5121B272A92001195B7 /* Categories */ = {
			isa = PBXGroup;
			children = (
			);
			path = Categories;
			sourceTree = "<group>";
		};
		0EFEB5131B272A92001195B7 /* Controls */ = {
			isa = PBXGroup;
			children = (
				7F46FDC31B2B146A003BB1C4 /* COCheckBoxButton */,
				7F03EBF61B2AE858009D7985 /* CODropListButton */,
				7F03EBDF1B2ABEB5009D7985 /* COPositive&NegativeButton */,
				7FDA50FE1B2A84D7001CA7E1 /* COLineBottomView */,
				0ECA885C1B27CC8F00B5656F /* CODropList */,
			);
			path = Controls;
			sourceTree = "<group>";
		};
		0EFEB5141B272A92001195B7 /* Defines */ = {
			isa = PBXGroup;
			children = (
				0EFEB51A1B272C40001195B7 /* AppDefines.h */,
			);
			path = Defines;
			sourceTree = "<group>";
		};
		0EFEB5151B272A92001195B7 /* Helpers */ = {
			isa = PBXGroup;
			children = (
				7FE21F061B2D7B79009B78DF /* LoadFileManager.h */,
				7FE21F071B2D7B79009B78DF /* LoadFileManager.m */,
			);
			path = Helpers;
			sourceTree = "<group>";
		};
		0EFEB5161B272A92001195B7 /* Managers */ = {
			isa = PBXGroup;
			children = (
				7FF06E2F1B2E7C2B009DEDEC /* CODummyDataManager.h */,
				7FF06E301B2E7C2B009DEDEC /* CODummyDataManager.m */,
			);
			path = Managers;
			sourceTree = "<group>";
		};
		0EFEB5171B272A92001195B7 /* Models */ = {
			isa = PBXGroup;
			children = (
			);
			path = Models;
			sourceTree = "<group>";
		};
		0EFEB5181B272A92001195B7 /* Services */ = {
			isa = PBXGroup;
			children = (
			);
			path = Services;
			sourceTree = "<group>";
		};
		7F03EBDF1B2ABEB5009D7985 /* COPositive&NegativeButton */ = {
			isa = PBXGroup;
			children = (
				7F03EBE01B2ABEE6009D7985 /* COPositive&NagitiveButton.h */,
				7F03EBE11B2ABEE6009D7985 /* COPositive&NagitiveButton.m */,
			);
			path = "COPositive&NegativeButton";
			sourceTree = "<group>";
		};
		7F03EBE31B2AD2E7009D7985 /* Images */ = {
			isa = PBXGroup;
			children = (
				7FF06DE61B2E6953009DEDEC /* ic_home_heightline@2x.png */,
				7FF06DE71B2E6953009DEDEC /* ic_home_heightline@3x.png */,
				7FF06DE81B2E6953009DEDEC /* ic_home@2x.png */,
				7FF06DE91B2E6953009DEDEC /* ic_home@3x.png */,
				7FF06DEA1B2E6953009DEDEC /* ic_peopel@2x.png */,
				7FF06DEB1B2E6953009DEDEC /* ic_peopel@3x.png */,
				7FF06DEC1B2E6953009DEDEC /* ic_people_heightline@2x.png */,
				7FF06DED1B2E6953009DEDEC /* ic_people_heightline@3x.png */,
				7FF06DEE1B2E6953009DEDEC /* ic_setting_heightline@2x.png */,
				7FF06DEF1B2E6953009DEDEC /* ic_setting_heightline@3x.png */,
				7FF06DF01B2E6953009DEDEC /* ic_setting@2x.png */,
				7FF06DF11B2E6953009DEDEC /* ic_setting@3x.png */,
				7FE21EF31B2D1F64009B78DF /* Close_Circle_Line@2x.png */,
				7FE21EF41B2D1F64009B78DF /* Close_Circle_Line@3x.png */,
				7F03EBF01B2AD933009D7985 /* ic_droplist.png */,
				7F03EBF11B2AD933009D7985 /* ic_droplist@2x.png */,
				7F03EBF21B2AD933009D7985 /* ic_droplist@3x.png */,
				7F03EBE41B2AD2E7009D7985 /* ic_Check.png */,
				7F03EBE51B2AD2E7009D7985 /* ic_Check@2x.png */,
				7F03EBE61B2AD2E7009D7985 /* ic_Check@3x.png */,
				7F03EBE71B2AD2E7009D7985 /* ic_uncheck.png */,
				7F03EBE81B2AD2E7009D7985 /* ic_uncheck@2x.png */,
				7F03EBE91B2AD2E7009D7985 /* ic_uncheck@3x.png */,
			);
			path = Images;
			sourceTree = "<group>";
		};
		7F03EBF61B2AE858009D7985 /* CODropListButton */ = {
			isa = PBXGroup;
			children = (
				7F03EBF71B2AE86F009D7985 /* CoDropListButtom.h */,
				7F03EBF81B2AE86F009D7985 /* CoDropListButtom.m */,
			);
			name = CODropListButton;
			path = CoDropListButton;
			sourceTree = "<group>";
		};
		7F46FDC31B2B146A003BB1C4 /* COCheckBoxButton */ = {
			isa = PBXGroup;
			children = (
				7F46FDC41B2B146A003BB1C4 /* COCheckBoxButton.h */,
				7F46FDC51B2B146A003BB1C4 /* COCheckBoxButton.m */,
			);
			path = COCheckBoxButton;
			sourceTree = "<group>";
		};
		7FDA50FD1B2A83FA001CA7E1 /* View */ = {
			isa = PBXGroup;
			children = (
			);
			path = View;
			sourceTree = "<group>";
		};
		7FDA50FE1B2A84D7001CA7E1 /* COLineBottomView */ = {
			isa = PBXGroup;
			children = (
				7FDA50FF1B2A8518001CA7E1 /* COLineBottomView.h */,
				7FDA51001B2A8518001CA7E1 /* COLineBottomView.m */,
			);
			path = COLineBottomView;
			sourceTree = "<group>";
		};
		7FDA51021B2A9930001CA7E1 /* TPKeyboardAvoiding */ = {
			isa = PBXGroup;
			children = (
				7FDA51031B2A9930001CA7E1 /* TPKeyboardAvoidingCollectionView.h */,
				7FDA51041B2A9930001CA7E1 /* TPKeyboardAvoidingCollectionView.m */,
				7FDA51051B2A9930001CA7E1 /* TPKeyboardAvoidingScrollView.h */,
				7FDA51061B2A9930001CA7E1 /* TPKeyboardAvoidingScrollView.m */,
				7FDA51071B2A9930001CA7E1 /* TPKeyboardAvoidingTableView.h */,
				7FDA51081B2A9930001CA7E1 /* TPKeyboardAvoidingTableView.m */,
				7FDA51091B2A9930001CA7E1 /* UIScrollView+TPKeyboardAvoidingAdditions.h */,
				7FDA510A1B2A9930001CA7E1 /* UIScrollView+TPKeyboardAvoidingAdditions.m */,
			);
			path = TPKeyboardAvoiding;
			sourceTree = "<group>";
		};
		7FE21EF91B2D73A5009B78DF /* DropListCell */ = {
			isa = PBXGroup;
			children = (
				7FE21EFE1B2D7435009B78DF /* DropListCell.h */,
				7FE21EFF1B2D7435009B78DF /* DropListCell.m */,
				7FE21F001B2D7435009B78DF /* DropListCell.xib */,
			);
			path = DropListCell;
			sourceTree = "<group>";
		};
		7FE21EFA1B2D73A5009B78DF /* DropListObject */ = {
			isa = PBXGroup;
			children = (
				7FE21EFB1B2D73FB009B78DF /* DropListObject.h */,
				7FE21EFC1B2D73FB009B78DF /* DropListObject.m */,
			);
			path = DropListObject;
			sourceTree = "<group>";
		};
		7FE21F031B2D7638009B78DF /* Json */ = {
			isa = PBXGroup;
			children = (
				7FE21F0A1B2D83FD009B78DF /* JsonPhoneCode.json */,
			);
			path = Json;
			sourceTree = "<group>";
		};
		7FE21F041B2D7638009B78DF /* Plist */ = {
			isa = PBXGroup;
			children = (
			);
			path = Plist;
			sourceTree = "<group>";
		};
		7FF06DFE1B2E7209009DEDEC /* Cell */ = {
			isa = PBXGroup;
			children = (
				7FF06DFF1B2E723A009DEDEC /* HomeListViewCell.h */,
				7FF06E001B2E723A009DEDEC /* HomeListViewCell.m */,
				7FF06E011B2E723A009DEDEC /* HomeListViewCell.xib */,
			);
			path = Cell;
			sourceTree = "<group>";
		};
		7FF06E041B2E76C9009DEDEC /* Images Other */ = {
			isa = PBXGroup;
			children = (
				7FF06E2D1B2E797E009DEDEC /* Earth_256.png */,
				7FF06E051B2E76C9009DEDEC /* 1.jpg */,
				7FF06E061B2E76C9009DEDEC /* 10.jpg */,
				7FF06E071B2E76C9009DEDEC /* 11.jpg */,
				7FF06E081B2E76C9009DEDEC /* 12.jpg */,
				7FF06E091B2E76C9009DEDEC /* 13.jpg */,
				7FF06E0A1B2E76C9009DEDEC /* 14.jpg */,
				7FF06E0B1B2E76C9009DEDEC /* 15.jpg */,
				7FF06E0C1B2E76C9009DEDEC /* 16.jpg */,
				7FF06E0D1B2E76C9009DEDEC /* 17.jpg */,
				7FF06E0E1B2E76C9009DEDEC /* 18.jpg */,
				7FF06E0F1B2E76C9009DEDEC /* 19.jpg */,
				7FF06E101B2E76C9009DEDEC /* 2.jpg */,
				7FF06E111B2E76C9009DEDEC /* 20.jpg */,
				7FF06E121B2E76C9009DEDEC /* 3.jpg */,
				7FF06E131B2E76C9009DEDEC /* 4.jpg */,
				7FF06E141B2E76C9009DEDEC /* 5.jpg */,
				7FF06E151B2E76C9009DEDEC /* 6.jpg */,
				7FF06E161B2E76C9009DEDEC /* 7.jpg */,
				7FF06E171B2E76C9009DEDEC /* 8.jpg */,
				7FF06E181B2E76C9009DEDEC /* 9.jpg */,
			);
			path = "Images Other";
			sourceTree = "<group>";
		};
		7FF06E321B2E7C7F009DEDEC /* Object */ = {
			isa = PBXGroup;
			children = (
				7FF06E331B2E7CBC009DEDEC /* ListHomeObject.h */,
				7FF06E341B2E7CBC009DEDEC /* ListHomeObject.m */,
			);
			path = Object;
			sourceTree = "<group>";
		};
/* End PBXGroup section */

/* Begin PBXNativeTarget section */
		0EFEB4AF1B2724B2001195B7 /* CoAssest */ = {
			isa = PBXNativeTarget;
			buildConfigurationList = 0EFEB4D61B2724B2001195B7 /* Build configuration list for PBXNativeTarget "CoAssest" */;
			buildPhases = (
				0EFEB4AC1B2724B2001195B7 /* Sources */,
				0EFEB4AD1B2724B2001195B7 /* Frameworks */,
				0EFEB4AE1B2724B2001195B7 /* Resources */,
			);
			buildRules = (
			);
			dependencies = (
			);
			name = CoAssest;
			productName = CoAssest;
			productReference = 0EFEB4B01B2724B2001195B7 /* CoAssest.app */;
			productType = "com.apple.product-type.application";
		};
		0EFEB4CB1B2724B2001195B7 /* CoAssestTests */ = {
			isa = PBXNativeTarget;
			buildConfigurationList = 0EFEB4D91B2724B2001195B7 /* Build configuration list for PBXNativeTarget "CoAssestTests" */;
			buildPhases = (
				0EFEB4C81B2724B2001195B7 /* Sources */,
				0EFEB4C91B2724B2001195B7 /* Frameworks */,
				0EFEB4CA1B2724B2001195B7 /* Resources */,
			);
			buildRules = (
			);
			dependencies = (
				0EFEB4CE1B2724B2001195B7 /* PBXTargetDependency */,
			);
			name = CoAssestTests;
			productName = CoAssestTests;
			productReference = 0EFEB4CC1B2724B2001195B7 /* CoAssestTests.xctest */;
			productType = "com.apple.product-type.bundle.unit-test";
		};
/* End PBXNativeTarget section */

/* Begin PBXProject section */
		0EFEB4A81B2724B2001195B7 /* Project object */ = {
			isa = PBXProject;
			attributes = {
				LastUpgradeCheck = 0630;
				ORGANIZATIONNAME = Sanyi;
				TargetAttributes = {
					0EFEB4AF1B2724B2001195B7 = {
						CreatedOnToolsVersion = 6.3.2;
					};
					0EFEB4CB1B2724B2001195B7 = {
						CreatedOnToolsVersion = 6.3.2;
						TestTargetID = 0EFEB4AF1B2724B2001195B7;
					};
				};
			};
			buildConfigurationList = 0EFEB4AB1B2724B2001195B7 /* Build configuration list for PBXProject "CoAssest" */;
			compatibilityVersion = "Xcode 3.2";
			developmentRegion = English;
			hasScannedForEncodings = 0;
			knownRegions = (
				en,
				Base,
			);
			mainGroup = 0EFEB4A71B2724B2001195B7;
			productRefGroup = 0EFEB4B11B2724B2001195B7 /* Products */;
			projectDirPath = "";
			projectRoot = "";
			targets = (
				0EFEB4AF1B2724B2001195B7 /* CoAssest */,
				0EFEB4CB1B2724B2001195B7 /* CoAssestTests */,
			);
		};
/* End PBXProject section */

/* Begin PBXResourcesBuildPhase section */
		0EFEB4AE1B2724B2001195B7 /* Resources */ = {
			isa = PBXResourcesBuildPhase;
			buildActionMask = 2147483647;
			files = (
				7FF06E2B1B2E76C9009DEDEC /* 8.jpg in Resources */,
				7FF06E221B2E76C9009DEDEC /* 18.jpg in Resources */,
				7FF06E1C1B2E76C9009DEDEC /* 12.jpg in Resources */,
				7FF06E1B1B2E76C9009DEDEC /* 11.jpg in Resources */,
				7FF06E191B2E76C9009DEDEC /* 1.jpg in Resources */,
				0ECA887F1B27D5B800B5656F /* SettingViewController.xib in Resources */,
				7FF06E261B2E76C9009DEDEC /* 3.jpg in Resources */,
				7FF06E1F1B2E76C9009DEDEC /* 15.jpg in Resources */,
				7FF06E241B2E76C9009DEDEC /* 2.jpg in Resources */,
				7FE21F0B1B2D83FD009B78DF /* JsonPhoneCode.json in Resources */,
				7FF06E231B2E76C9009DEDEC /* 19.jpg in Resources */,
				7FF06DFA1B2E6953009DEDEC /* ic_setting_heightline@2x.png in Resources */,
				7FF06DF91B2E6953009DEDEC /* ic_people_heightline@3x.png in Resources */,
				7FF06DF21B2E6953009DEDEC /* ic_home_heightline@2x.png in Resources */,
				7FF06DFC1B2E6953009DEDEC /* ic_setting@2x.png in Resources */,
				7FE21EF21B2D11E1009B78DF /* CODropListView.xib in Resources */,
				7FF06E1D1B2E76C9009DEDEC /* 13.jpg in Resources */,
				7FE21F021B2D7435009B78DF /* DropListCell.xib in Resources */,
				0ECA887A1B27D57800B5656F /* ProfileViewController.xib in Resources */,
				7F03EBEC1B2AD2E7009D7985 /* ic_Check@3x.png in Resources */,
				7FF06E211B2E76C9009DEDEC /* 17.jpg in Resources */,
				7FE21EF61B2D1F64009B78DF /* Close_Circle_Line@3x.png in Resources */,
				7FF06DF81B2E6953009DEDEC /* ic_people_heightline@2x.png in Resources */,
				7F03EBEB1B2AD2E7009D7985 /* ic_Check@2x.png in Resources */,
				7FF06E2E1B2E797E009DEDEC /* Earth_256.png in Resources */,
				0ECA886D1B27D2A700B5656F /* LoginViewController.xib in Resources */,
				7FF06E271B2E76C9009DEDEC /* 4.jpg in Resources */,
				0ECA888A1B27E09A00B5656F /* ForgotPasswordViewController.xib in Resources */,
				7FE21EF51B2D1F64009B78DF /* Close_Circle_Line@2x.png in Resources */,
				7F03EBED1B2AD2E7009D7985 /* ic_uncheck.png in Resources */,
				7FF06DF51B2E6953009DEDEC /* ic_home@3x.png in Resources */,
				7FF06DF41B2E6953009DEDEC /* ic_home@2x.png in Resources */,
				7FF06E251B2E76C9009DEDEC /* 20.jpg in Resources */,
				7FF06E291B2E76C9009DEDEC /* 6.jpg in Resources */,
				7FF06DFB1B2E6953009DEDEC /* ic_setting_heightline@3x.png in Resources */,
				7FF06E1E1B2E76C9009DEDEC /* 14.jpg in Resources */,
				7FF06E281B2E76C9009DEDEC /* 5.jpg in Resources */,
				7F03EBEA1B2AD2E7009D7985 /* ic_Check.png in Resources */,
				7FF06E2C1B2E76C9009DEDEC /* 9.jpg in Resources */,
				7FF06E031B2E723A009DEDEC /* HomeListViewCell.xib in Resources */,
				0EFEB50D1B2729E0001195B7 /* LaunchScreen.xib in Resources */,
				0EFEB5101B2729E0001195B7 /* Images.xcassets in Resources */,
				0EFEB50E1B2729E0001195B7 /* Info.plist in Resources */,
				7F03EBF41B2AD933009D7985 /* ic_droplist@2x.png in Resources */,
				0ECA88721B27D45900B5656F /* HomeListViewController.xib in Resources */,
				7FF06DF71B2E6953009DEDEC /* ic_peopel@3x.png in Resources */,
				7FF06DF61B2E6953009DEDEC /* ic_peopel@2x.png in Resources */,
				7FF06DF31B2E6953009DEDEC /* ic_home_heightline@3x.png in Resources */,
				7F03EBEF1B2AD2E7009D7985 /* ic_uncheck@3x.png in Resources */,
				7FF06E1A1B2E76C9009DEDEC /* 10.jpg in Resources */,
				7FF06DFD1B2E6953009DEDEC /* ic_setting@3x.png in Resources */,
				7F03EBF51B2AD933009D7985 /* ic_droplist@3x.png in Resources */,
				7FF06E201B2E76C9009DEDEC /* 16.jpg in Resources */,
				7F03EBEE1B2AD2E7009D7985 /* ic_uncheck@2x.png in Resources */,
				7FF06E2A1B2E76C9009DEDEC /* 7.jpg in Resources */,
				7F03EBF31B2AD933009D7985 /* ic_droplist.png in Resources */,
				0ECA88841B27DD5200B5656F /* RegisterViewController.xib in Resources */,
			);
			runOnlyForDeploymentPostprocessing = 0;
		};
		0EFEB4CA1B2724B2001195B7 /* Resources */ = {
			isa = PBXResourcesBuildPhase;
			buildActionMask = 2147483647;
			files = (
			);
			runOnlyForDeploymentPostprocessing = 0;
		};
/* End PBXResourcesBuildPhase section */

/* Begin PBXSourcesBuildPhase section */
		0EFEB4AC1B2724B2001195B7 /* Sources */ = {
			isa = PBXSourcesBuildPhase;
			buildActionMask = 2147483647;
			files = (
				0ECA884A1B27CA7100B5656F /* NMImageHelper.m in Sources */,
				0ECA88491B27CA7100B5656F /* NMDeviceHelper.m in Sources */,
				7F46FDC61B2B146A003BB1C4 /* COCheckBoxButton.m in Sources */,
				0ECA883F1B27CA7100B5656F /* NMTableView.m in Sources */,
				0ECA88411B27CA7100B5656F /* NMView.m in Sources */,
				0ECA886C1B27D2A700B5656F /* LoginViewController.m in Sources */,
				0ECA88421B27CA7100B5656F /* NMViewController.m in Sources */,
				0ECA88591B27CB4C00B5656F /* BaseTableViewCell.m in Sources */,
				0ECA88401B27CA7100B5656F /* NMTableViewCell.m in Sources */,
				0ECA88751B27D52A00B5656F /* BaseTabBarController.m in Sources */,
				0ECA88481B27CA7100B5656F /* UIView+Identifier.m in Sources */,
				0ECA88451B27CA7100B5656F /* NSString+Helpers.m in Sources */,
				0EFEB50C1B2729E0001195B7 /* CoAssest.xcdatamodeld in Sources */,
				7FE21F011B2D7435009B78DF /* DropListCell.m in Sources */,
				0ECA885B1B27CB4C00B5656F /* BaseViewController.m in Sources */,
				0ECA88831B27DD5200B5656F /* RegisterViewController.m in Sources */,
				0ECA885A1B27CB4C00B5656F /* BaseView.m in Sources */,
				0ECA88711B27D45900B5656F /* HomeListViewController.m in Sources */,
				7FE21EFD1B2D73FB009B78DF /* DropListObject.m in Sources */,
				7FE21F081B2D7B79009B78DF /* LoadFileManager.m in Sources */,
				7FF06E311B2E7C2B009DEDEC /* CODummyDataManager.m in Sources */,
				0ECA88431B27CA7100B5656F /* NSDictionary+NotNULL.m in Sources */,
				0EFEB50F1B2729E0001195B7 /* main.m in Sources */,
				7FDA510B1B2A9930001CA7E1 /* TPKeyboardAvoidingCollectionView.m in Sources */,
				0ECA885F1B27CC8F00B5656F /* CODropListVC.m in Sources */,
				0ECA88581B27CB4C00B5656F /* BaseNavigationController.m in Sources */,
				7FDA510D1B2A9930001CA7E1 /* TPKeyboardAvoidingTableView.m in Sources */,
				7F03EBE21B2ABEE6009D7985 /* COPositive&NagitiveButton.m in Sources */,
				7FDA510C1B2A9930001CA7E1 /* TPKeyboardAvoidingScrollView.m in Sources */,
				0ECA884B1B27CA7100B5656F /* NMSecurityHelper.m in Sources */,
				7F03EBF91B2AE86F009D7985 /* CoDropListButtom.m in Sources */,
				0ECA88791B27D57800B5656F /* ProfileViewController.m in Sources */,
				7FF06E351B2E7CBC009DEDEC /* ListHomeObject.m in Sources */,
				0EFEB5091B2729E0001195B7 /* AppDelegate.m in Sources */,
				7FF06E021B2E723A009DEDEC /* HomeListViewCell.m in Sources */,
				0ECA88471B27CA7100B5656F /* UIView+AutoLayout.m in Sources */,
				0ECA883D1B27CA7100B5656F /* NMCollectionView.m in Sources */,
				0ECA88571B27CB4C00B5656F /* BaseCollectionViewCell.m in Sources */,
				7FDA510E1B2A9930001CA7E1 /* UIScrollView+TPKeyboardAvoidingAdditions.m in Sources */,
				0ECA884C1B27CA7100B5656F /* NMUIHelper.m in Sources */,
				0ECA88441B27CA7100B5656F /* NSFileManager+Directories.m in Sources */,
				7FDA51011B2A8518001CA7E1 /* COLineBottomView.m in Sources */,
				0ECA88891B27E09A00B5656F /* ForgotPasswordViewController.m in Sources */,
				7FE21EF01B2D0FF1009B78DF /* CODropListView.m in Sources */,
				0ECA883E1B27CA7100B5656F /* NMCollectionViewCell.m in Sources */,
				0ECA88461B27CA7100B5656F /* UIDevice-Hardware.m in Sources */,
				0ECA887E1B27D5B800B5656F /* SettingViewController.m in Sources */,
			);
			runOnlyForDeploymentPostprocessing = 0;
		};
		0EFEB4C81B2724B2001195B7 /* Sources */ = {
			isa = PBXSourcesBuildPhase;
			buildActionMask = 2147483647;
			files = (
				0EFEB4D31B2724B2001195B7 /* CoAssestTests.m in Sources */,
			);
			runOnlyForDeploymentPostprocessing = 0;
		};
/* End PBXSourcesBuildPhase section */

/* Begin PBXTargetDependency section */
		0EFEB4CE1B2724B2001195B7 /* PBXTargetDependency */ = {
			isa = PBXTargetDependency;
			target = 0EFEB4AF1B2724B2001195B7 /* CoAssest */;
			targetProxy = 0EFEB4CD1B2724B2001195B7 /* PBXContainerItemProxy */;
		};
/* End PBXTargetDependency section */

/* Begin PBXVariantGroup section */
		0EFEB5031B2729E0001195B7 /* LaunchScreen.xib */ = {
			isa = PBXVariantGroup;
			children = (
				0EFEB5041B2729E0001195B7 /* Base */,
			);
			name = LaunchScreen.xib;
			sourceTree = "<group>";
		};
/* End PBXVariantGroup section */

/* Begin XCBuildConfiguration section */
		0EFEB4D41B2724B2001195B7 /* Debug */ = {
			isa = XCBuildConfiguration;
			buildSettings = {
				ALWAYS_SEARCH_USER_PATHS = NO;
				CLANG_CXX_LANGUAGE_STANDARD = "gnu++0x";
				CLANG_CXX_LIBRARY = "libc++";
				CLANG_ENABLE_MODULES = YES;
				CLANG_ENABLE_OBJC_ARC = YES;
				CLANG_WARN_BOOL_CONVERSION = YES;
				CLANG_WARN_CONSTANT_CONVERSION = YES;
				CLANG_WARN_DIRECT_OBJC_ISA_USAGE = YES_ERROR;
				CLANG_WARN_EMPTY_BODY = YES;
				CLANG_WARN_ENUM_CONVERSION = YES;
				CLANG_WARN_INT_CONVERSION = YES;
				CLANG_WARN_OBJC_ROOT_CLASS = YES_ERROR;
				CLANG_WARN_UNREACHABLE_CODE = YES;
				CLANG_WARN__DUPLICATE_METHOD_MATCH = YES;
				"CODE_SIGN_IDENTITY[sdk=iphoneos*]" = "iPhone Developer";
				COPY_PHASE_STRIP = NO;
				DEBUG_INFORMATION_FORMAT = "dwarf-with-dsym";
				ENABLE_STRICT_OBJC_MSGSEND = YES;
				GCC_C_LANGUAGE_STANDARD = gnu99;
				GCC_DYNAMIC_NO_PIC = NO;
				GCC_NO_COMMON_BLOCKS = YES;
				GCC_OPTIMIZATION_LEVEL = 0;
				GCC_PREPROCESSOR_DEFINITIONS = (
					"DEBUG=1",
					"$(inherited)",
				);
				GCC_SYMBOLS_PRIVATE_EXTERN = NO;
				GCC_WARN_64_TO_32_BIT_CONVERSION = YES;
				GCC_WARN_ABOUT_RETURN_TYPE = YES_ERROR;
				GCC_WARN_UNDECLARED_SELECTOR = YES;
				GCC_WARN_UNINITIALIZED_AUTOS = YES_AGGRESSIVE;
				GCC_WARN_UNUSED_FUNCTION = YES;
				GCC_WARN_UNUSED_VARIABLE = YES;
				IPHONEOS_DEPLOYMENT_TARGET = 8.3;
				MTL_ENABLE_DEBUG_INFO = YES;
				ONLY_ACTIVE_ARCH = YES;
				SDKROOT = iphoneos;
				TARGETED_DEVICE_FAMILY = "1,2";
			};
			name = Debug;
		};
		0EFEB4D51B2724B2001195B7 /* Release */ = {
			isa = XCBuildConfiguration;
			buildSettings = {
				ALWAYS_SEARCH_USER_PATHS = NO;
				CLANG_CXX_LANGUAGE_STANDARD = "gnu++0x";
				CLANG_CXX_LIBRARY = "libc++";
				CLANG_ENABLE_MODULES = YES;
				CLANG_ENABLE_OBJC_ARC = YES;
				CLANG_WARN_BOOL_CONVERSION = YES;
				CLANG_WARN_CONSTANT_CONVERSION = YES;
				CLANG_WARN_DIRECT_OBJC_ISA_USAGE = YES_ERROR;
				CLANG_WARN_EMPTY_BODY = YES;
				CLANG_WARN_ENUM_CONVERSION = YES;
				CLANG_WARN_INT_CONVERSION = YES;
				CLANG_WARN_OBJC_ROOT_CLASS = YES_ERROR;
				CLANG_WARN_UNREACHABLE_CODE = YES;
				CLANG_WARN__DUPLICATE_METHOD_MATCH = YES;
				"CODE_SIGN_IDENTITY[sdk=iphoneos*]" = "iPhone Developer";
				COPY_PHASE_STRIP = NO;
				DEBUG_INFORMATION_FORMAT = "dwarf-with-dsym";
				ENABLE_NS_ASSERTIONS = NO;
				ENABLE_STRICT_OBJC_MSGSEND = YES;
				GCC_C_LANGUAGE_STANDARD = gnu99;
				GCC_NO_COMMON_BLOCKS = YES;
				GCC_WARN_64_TO_32_BIT_CONVERSION = YES;
				GCC_WARN_ABOUT_RETURN_TYPE = YES_ERROR;
				GCC_WARN_UNDECLARED_SELECTOR = YES;
				GCC_WARN_UNINITIALIZED_AUTOS = YES_AGGRESSIVE;
				GCC_WARN_UNUSED_FUNCTION = YES;
				GCC_WARN_UNUSED_VARIABLE = YES;
				IPHONEOS_DEPLOYMENT_TARGET = 8.3;
				MTL_ENABLE_DEBUG_INFO = NO;
				SDKROOT = iphoneos;
				TARGETED_DEVICE_FAMILY = "1,2";
				VALIDATE_PRODUCT = YES;
			};
			name = Release;
		};
		0EFEB4D71B2724B2001195B7 /* Debug */ = {
			isa = XCBuildConfiguration;
			buildSettings = {
				ASSETCATALOG_COMPILER_APPICON_NAME = AppIcon;
				GCC_PRECOMPILE_PREFIX_HEADER = YES;
				GCC_PREFIX_HEADER = "$(SRCROOT)/Application/Main/CoAssest-Prefix.pch";
				INFOPLIST_FILE = "$(SRCROOT)/Application/Main/Info.plist";
				IPHONEOS_DEPLOYMENT_TARGET = 8.0;
				LD_RUNPATH_SEARCH_PATHS = "$(inherited) @executable_path/Frameworks";
				New_Setting = "";
				PRODUCT_NAME = "$(TARGET_NAME)";
			};
			name = Debug;
		};
		0EFEB4D81B2724B2001195B7 /* Release */ = {
			isa = XCBuildConfiguration;
			buildSettings = {
				ASSETCATALOG_COMPILER_APPICON_NAME = AppIcon;
				GCC_PRECOMPILE_PREFIX_HEADER = YES;
				GCC_PREFIX_HEADER = "$(SRCROOT)/Application/Main/CoAssest-Prefix.pch";
				INFOPLIST_FILE = "$(SRCROOT)/Application/Main/Info.plist";
				IPHONEOS_DEPLOYMENT_TARGET = 8.0;
				LD_RUNPATH_SEARCH_PATHS = "$(inherited) @executable_path/Frameworks";
				New_Setting = "";
				PRODUCT_NAME = "$(TARGET_NAME)";
			};
			name = Release;
		};
		0EFEB4DA1B2724B2001195B7 /* Debug */ = {
			isa = XCBuildConfiguration;
			buildSettings = {
				BUNDLE_LOADER = "$(TEST_HOST)";
				FRAMEWORK_SEARCH_PATHS = (
					"$(SDKROOT)/Developer/Library/Frameworks",
					"$(inherited)",
				);
				GCC_PREPROCESSOR_DEFINITIONS = (
					"DEBUG=1",
					"$(inherited)",
				);
				INFOPLIST_FILE = CoAssestTests/Info.plist;
				LD_RUNPATH_SEARCH_PATHS = "$(inherited) @executable_path/Frameworks @loader_path/Frameworks";
				PRODUCT_NAME = "$(TARGET_NAME)";
				TEST_HOST = "$(BUILT_PRODUCTS_DIR)/CoAssest.app/CoAssest";
			};
			name = Debug;
		};
		0EFEB4DB1B2724B2001195B7 /* Release */ = {
			isa = XCBuildConfiguration;
			buildSettings = {
				BUNDLE_LOADER = "$(TEST_HOST)";
				FRAMEWORK_SEARCH_PATHS = (
					"$(SDKROOT)/Developer/Library/Frameworks",
					"$(inherited)",
				);
				INFOPLIST_FILE = CoAssestTests/Info.plist;
				LD_RUNPATH_SEARCH_PATHS = "$(inherited) @executable_path/Frameworks @loader_path/Frameworks";
				PRODUCT_NAME = "$(TARGET_NAME)";
				TEST_HOST = "$(BUILT_PRODUCTS_DIR)/CoAssest.app/CoAssest";
			};
			name = Release;
		};
/* End XCBuildConfiguration section */

/* Begin XCConfigurationList section */
		0EFEB4AB1B2724B2001195B7 /* Build configuration list for PBXProject "CoAssest" */ = {
			isa = XCConfigurationList;
			buildConfigurations = (
				0EFEB4D41B2724B2001195B7 /* Debug */,
				0EFEB4D51B2724B2001195B7 /* Release */,
			);
			defaultConfigurationIsVisible = 0;
			defaultConfigurationName = Release;
		};
		0EFEB4D61B2724B2001195B7 /* Build configuration list for PBXNativeTarget "CoAssest" */ = {
			isa = XCConfigurationList;
			buildConfigurations = (
				0EFEB4D71B2724B2001195B7 /* Debug */,
				0EFEB4D81B2724B2001195B7 /* Release */,
			);
			defaultConfigurationIsVisible = 0;
			defaultConfigurationName = Release;
		};
		0EFEB4D91B2724B2001195B7 /* Build configuration list for PBXNativeTarget "CoAssestTests" */ = {
			isa = XCConfigurationList;
			buildConfigurations = (
				0EFEB4DA1B2724B2001195B7 /* Debug */,
				0EFEB4DB1B2724B2001195B7 /* Release */,
			);
			defaultConfigurationIsVisible = 0;
			defaultConfigurationName = Release;
		};
/* End XCConfigurationList section */

/* Begin XCVersionGroup section */
		0EFEB4FF1B2729E0001195B7 /* CoAssest.xcdatamodeld */ = {
			isa = XCVersionGroup;
			children = (
				0EFEB5001B2729E0001195B7 /* CoAssest.xcdatamodel */,
			);
			currentVersion = 0EFEB5001B2729E0001195B7 /* CoAssest.xcdatamodel */;
			path = CoAssest.xcdatamodeld;
			sourceTree = "<group>";
			versionGroupType = wrapper.xcdatamodel;
		};
/* End XCVersionGroup section */
	};
	rootObject = 0EFEB4A81B2724B2001195B7 /* Project object */;
}
